Microsoft Visual Studio Solution File, Format Version 12.00
# Visual Studio 15
Project("{8BC9CEB8-8B4A-11D0-8D11-00A0C91BC942}") = "ALL_BUILD", "ALL_BUILD.vcxproj", "{C3597CFC-6237-370D-9505-6D3FE84FD76E}"
	ProjectSection(ProjectDependencies) = postProject
		{3914FD0E-D532-36CE-801D-59773E2E7561} = {3914FD0E-D532-36CE-801D-59773E2E7561}
		{580DB966-CC71-3AD3-AD6A-04E4E9963E81} = {580DB966-CC71-3AD3-AD6A-04E4E9963E81}
		{DCDEEB6D-9295-3049-93E8-93BCDC6AF4B9} = {DCDEEB6D-9295-3049-93E8-93BCDC6AF4B9}
		{037CB4E5-180A-35AC-A0ED-9556E2F51BE3} = {037CB4E5-180A-35AC-A0ED-9556E2F51BE3}
		{F380E152-A195-3F93-83AB-17405D050F33} = {F380E152-A195-3F93-83AB-17405D050F33}
		{FB4FED5F-A6AE-3CFD-B48C-8A8EB9878D58} = {FB4FED5F-A6AE-3CFD-B48C-8A8EB9878D58}
		{5DB993DE-3AE5-3FCD-841E-CA339AF4F1D5} = {5DB993DE-3AE5-3FCD-841E-CA339AF4F1D5}
		{F065A1DC-C63B-37F0-AFDC-2CF8B3E8B4AD} = {F065A1DC-C63B-37F0-AFDC-2CF8B3E8B4AD}
		{97B4E650-D63A-31D1-B482-EF372F36ACA6} = {97B4E650-D63A-31D1-B482-EF372F36ACA6}
		{3943FF25-F1B7-3E4A-BFAC-EC13AE6BA802} = {3943FF25-F1B7-3E4A-BFAC-EC13AE6BA802}
		{D02C619D-1A23-34F6-96CA-7FF03A9D0677} = {D02C619D-1A23-34F6-96CA-7FF03A9D0677}
		{3313282E-B0E0-3CB4-9E87-FCD4004E20D8} = {3313282E-B0E0-3CB4-9E87-FCD4004E20D8}
		{3BB8395D-500A-31C4-9B1B-357306C30E73} = {3BB8395D-500A-31C4-9B1B-357306C30E73}
		{8FD4A8A6-94CF-3A3E-8609-026AA7B2F58B} = {8FD4A8A6-94CF-3A3E-8609-026AA7B2F58B}
		{4287617E-05DF-348F-BA77-D334FE652C40} = {4287617E-05DF-348F-BA77-D334FE652C40}
		{ACE8735E-7DA8-3797-8F05-67DACF903379} = {ACE8735E-7DA8-3797-8F05-67DACF903379}
		{9F7471E0-3E55-332B-9C8D-85A663729626} = {9F7471E0-3E55-332B-9C8D-85A663729626}
		{D6752F19-437F-303A-8626-990B2FC75D0C} = {D6752F19-437F-303A-8626-990B2FC75D0C}
		{7ADF940A-443C-35D5-8096-498D2988052E} = {7ADF940A-443C-35D5-8096-498D2988052E}
		{96AFE8C4-5009-36C0-9F8D-74B1C91FB732} = {96AFE8C4-5009-36C0-9F8D-74B1C91FB732}
		{C1734DAA-C687-395F-9C2E-BF0631961649} = {C1734DAA-C687-395F-9C2E-BF0631961649}
		{D3F5D018-C6A2-3757-88A8-99B94DEB6F10} = {D3F5D018-C6A2-3757-88A8-99B94DEB6F10}
		{3C3AF295-6455-3777-B568-931BB7652349} = {3C3AF295-6455-3777-B568-931BB7652349}
		{016AC59D-E794-3C30-921A-BCB6D1FDA030} = {016AC59D-E794-3C30-921A-BCB6D1FDA030}
		{89A31CA6-A4D1-3642-BF2A-68D3B045A58B} = {89A31CA6-A4D1-3642-BF2A-68D3B045A58B}
		{DC49A49E-E0C9-3258-8B67-7DBD02951347} = {DC49A49E-E0C9-3258-8B67-7DBD02951347}
		{A117962F-4391-3D6F-A376-C017A5E29567} = {A117962F-4391-3D6F-A376-C017A5E29567}
		{34D21A05-8DF1-3C6C-9DAE-FB51C4173648} = {34D21A05-8DF1-3C6C-9DAE-FB51C4173648}
		{7DD30412-6675-308B-9DB8-4A2338D1E700} = {7DD30412-6675-308B-9DB8-4A2338D1E700}
		{76F968F2-412A-3723-8E7B-5C94F9DEFB3B} = {76F968F2-412A-3723-8E7B-5C94F9DEFB3B}
		{BC16E266-D3B5-39DF-A69D-DCAC56B198E2} = {BC16E266-D3B5-39DF-A69D-DCAC56B198E2}
	EndProjectSection
EndProject
Project("{8BC9CEB8-8B4A-11D0-8D11-00A0C91BC942}") = "ContentParser", "test\ContentParser\ContentParser.vcxproj", "{3914FD0E-D532-36CE-801D-59773E2E7561}"
	ProjectSection(ProjectDependencies) = postProject
		{D02C619D-1A23-34F6-96CA-7FF03A9D0677} = {D02C619D-1A23-34F6-96CA-7FF03A9D0677}
		{8FD4A8A6-94CF-3A3E-8609-026AA7B2F58B} = {8FD4A8A6-94CF-3A3E-8609-026AA7B2F58B}
	EndProjectSection
EndProject
Project("{8BC9CEB8-8B4A-11D0-8D11-00A0C91BC942}") = "CreationTest", "test\CreationTest\CreationTest.vcxproj", "{580DB966-CC71-3AD3-AD6A-04E4E9963E81}"
	ProjectSection(ProjectDependencies) = postProject
		{D02C619D-1A23-34F6-96CA-7FF03A9D0677} = {D02C619D-1A23-34F6-96CA-7FF03A9D0677}
		{8FD4A8A6-94CF-3A3E-8609-026AA7B2F58B} = {8FD4A8A6-94CF-3A3E-8609-026AA7B2F58B}
	EndProjectSection
EndProject
Project("{8BC9CEB8-8B4A-11D0-8D11-00A0C91BC942}") = "FilterTest", "test\FilterTest\FilterTest.vcxproj", "{DCDEEB6D-9295-3049-93E8-93BCDC6AF4B9}"
	ProjectSection(ProjectDependencies) = postProject
		{D02C619D-1A23-34F6-96CA-7FF03A9D0677} = {D02C619D-1A23-34F6-96CA-7FF03A9D0677}
		{8FD4A8A6-94CF-3A3E-8609-026AA7B2F58B} = {8FD4A8A6-94CF-3A3E-8609-026AA7B2F58B}
	EndProjectSection
EndProject
Project("{8BC9CEB8-8B4A-11D0-8D11-00A0C91BC942}") = "FormTest", "test\FormTest\FormTest.vcxproj", "{037CB4E5-180A-35AC-A0ED-9556E2F51BE3}"
	ProjectSection(ProjectDependencies) = postProject
		{D02C619D-1A23-34F6-96CA-7FF03A9D0677} = {D02C619D-1A23-34F6-96CA-7FF03A9D0677}
		{8FD4A8A6-94CF-3A3E-8609-026AA7B2F58B} = {8FD4A8A6-94CF-3A3E-8609-026AA7B2F58B}
	EndProjectSection
EndProject
Project("{8BC9CEB8-8B4A-11D0-8D11-00A0C91BC942}") = "INSTALL", "INSTALL.vcxproj", "{4117ACB1-67B9-3C96-9B3D-EAB359D81443}"
	ProjectSection(ProjectDependencies) = postProject
		{C3597CFC-6237-370D-9505-6D3FE84FD76E} = {C3597CFC-6237-370D-9505-6D3FE84FD76E}
		{D02C619D-1A23-34F6-96CA-7FF03A9D0677} = {D02C619D-1A23-34F6-96CA-7FF03A9D0677}
	EndProjectSection
EndProject
Project("{8BC9CEB8-8B4A-11D0-8D11-00A0C91BC942}") = "ObjectParserTest", "test\ObjectParserTest\ObjectParserTest.vcxproj", "{F380E152-A195-3F93-83AB-17405D050F33}"
	ProjectSection(ProjectDependencies) = postProject
		{D02C619D-1A23-34F6-96CA-7FF03A9D0677} = {D02C619D-1A23-34F6-96CA-7FF03A9D0677}
		{8FD4A8A6-94CF-3A3E-8609-026AA7B2F58B} = {8FD4A8A6-94CF-3A3E-8609-026AA7B2F58B}
	EndProjectSection
EndProject
Project("{8BC9CEB8-8B4A-11D0-8D11-00A0C91BC942}") = "ParserTest", "test\ParserTest\ParserTest.vcxproj", "{FB4FED5F-A6AE-3CFD-B48C-8A8EB9878D58}"
	ProjectSection(ProjectDependencies) = postProject
		{D02C619D-1A23-34F6-96CA-7FF03A9D0677} = {D02C619D-1A23-34F6-96CA-7FF03A9D0677}
		{8FD4A8A6-94CF-3A3E-8609-026AA7B2F58B} = {8FD4A8A6-94CF-3A3E-8609-026AA7B2F58B}
	EndProjectSection
EndProject
Project("{8BC9CEB8-8B4A-11D0-8D11-00A0C91BC942}") = "SignatureTest", "test\SignatureTest\SignatureTest.vcxproj", "{5DB993DE-3AE5-3FCD-841E-CA339AF4F1D5}"
	ProjectSection(ProjectDependencies) = postProject
		{D02C619D-1A23-34F6-96CA-7FF03A9D0677} = {D02C619D-1A23-34F6-96CA-7FF03A9D0677}
		{8FD4A8A6-94CF-3A3E-8609-026AA7B2F58B} = {8FD4A8A6-94CF-3A3E-8609-026AA7B2F58B}
	EndProjectSection
EndProject
Project("{8BC9CEB8-8B4A-11D0-8D11-00A0C91BC942}") = "TokenizerTest", "test\TokenizerTest\TokenizerTest.vcxproj", "{F065A1DC-C63B-37F0-AFDC-2CF8B3E8B4AD}"
	ProjectSection(ProjectDependencies) = postProject
		{D02C619D-1A23-34F6-96CA-7FF03A9D0677} = {D02C619D-1A23-34F6-96CA-7FF03A9D0677}
		{8FD4A8A6-94CF-3A3E-8609-026AA7B2F58B} = {8FD4A8A6-94CF-3A3E-8609-026AA7B2F58B}
	EndProjectSection
EndProject
Project("{8BC9CEB8-8B4A-11D0-8D11-00A0C91BC942}") = "VariantTest", "test\VariantTest\VariantTest.vcxproj", "{97B4E650-D63A-31D1-B482-EF372F36ACA6}"
	ProjectSection(ProjectDependencies) = postProject
		{D02C619D-1A23-34F6-96CA-7FF03A9D0677} = {D02C619D-1A23-34F6-96CA-7FF03A9D0677}
		{8FD4A8A6-94CF-3A3E-8609-026AA7B2F58B} = {8FD4A8A6-94CF-3A3E-8609-026AA7B2F58B}
	EndProjectSection
EndProject
Project("{8BC9CEB8-8B4A-11D0-8D11-00A0C91BC942}") = "WatermarkTest", "test\WatermarkTest\WatermarkTest.vcxproj", "{3943FF25-F1B7-3E4A-BFAC-EC13AE6BA802}"
	ProjectSection(ProjectDependencies) = postProject
		{D02C619D-1A23-34F6-96CA-7FF03A9D0677} = {D02C619D-1A23-34F6-96CA-7FF03A9D0677}
		{8FD4A8A6-94CF-3A3E-8609-026AA7B2F58B} = {8FD4A8A6-94CF-3A3E-8609-026AA7B2F58B}
	EndProjectSection
EndProject
Project("{8BC9CEB8-8B4A-11D0-8D11-00A0C91BC942}") = "ZERO_CHECK", "ZERO_CHECK.vcxproj", "{D02C619D-1A23-34F6-96CA-7FF03A9D0677}"
	ProjectSection(ProjectDependencies) = postProject
	EndProjectSection
EndProject
Project("{8BC9CEB8-8B4A-11D0-8D11-00A0C91BC942}") = "helloworld", "examples\helloworld\helloworld.vcxproj", "{3313282E-B0E0-3CB4-9E87-FCD4004E20D8}"
	ProjectSection(ProjectDependencies) = postProject
		{D02C619D-1A23-34F6-96CA-7FF03A9D0677} = {D02C619D-1A23-34F6-96CA-7FF03A9D0677}
		{8FD4A8A6-94CF-3A3E-8609-026AA7B2F58B} = {8FD4A8A6-94CF-3A3E-8609-026AA7B2F58B}
	EndProjectSection
EndProject
Project("{8BC9CEB8-8B4A-11D0-8D11-00A0C91BC942}") = "helloworld-base14", "examples\helloworld-base14\helloworld-base14.vcxproj", "{3BB8395D-500A-31C4-9B1B-357306C30E73}"
	ProjectSection(ProjectDependencies) = postProject
		{D02C619D-1A23-34F6-96CA-7FF03A9D0677} = {D02C619D-1A23-34F6-96CA-7FF03A9D0677}
		{8FD4A8A6-94CF-3A3E-8609-026AA7B2F58B} = {8FD4A8A6-94CF-3A3E-8609-026AA7B2F58B}
	EndProjectSection
EndProject
Project("{8BC9CEB8-8B4A-11D0-8D11-00A0C91BC942}") = "podofo_shared", "src\podofo_shared.vcxproj", "{8FD4A8A6-94CF-3A3E-8609-026AA7B2F58B}"
	ProjectSection(ProjectDependencies) = postProject
		{D02C619D-1A23-34F6-96CA-7FF03A9D0677} = {D02C619D-1A23-34F6-96CA-7FF03A9D0677}
	EndProjectSection
EndProject
Project("{8BC9CEB8-8B4A-11D0-8D11-00A0C91BC942}") = "podofobox", "tools\podofobox\podofobox.vcxproj", "{4287617E-05DF-348F-BA77-D334FE652C40}"
	ProjectSection(ProjectDependencies) = postProject
		{D02C619D-1A23-34F6-96CA-7FF03A9D0677} = {D02C619D-1A23-34F6-96CA-7FF03A9D0677}
		{8FD4A8A6-94CF-3A3E-8609-026AA7B2F58B} = {8FD4A8A6-94CF-3A3E-8609-026AA7B2F58B}
	EndProjectSection
EndProject
Project("{8BC9CEB8-8B4A-11D0-8D11-00A0C91BC942}") = "podofocolor", "tools\podofocolor\podofocolor.vcxproj", "{ACE8735E-7DA8-3797-8F05-67DACF903379}"
	ProjectSection(ProjectDependencies) = postProject
		{D02C619D-1A23-34F6-96CA-7FF03A9D0677} = {D02C619D-1A23-34F6-96CA-7FF03A9D0677}
		{8FD4A8A6-94CF-3A3E-8609-026AA7B2F58B} = {8FD4A8A6-94CF-3A3E-8609-026AA7B2F58B}
	EndProjectSection
EndProject
Project("{8BC9CEB8-8B4A-11D0-8D11-00A0C91BC942}") = "podofocountpages", "tools\podofocountpages\podofocountpages.vcxproj", "{9F7471E0-3E55-332B-9C8D-85A663729626}"
	ProjectSection(ProjectDependencies) = postProject
		{D02C619D-1A23-34F6-96CA-7FF03A9D0677} = {D02C619D-1A23-34F6-96CA-7FF03A9D0677}
		{8FD4A8A6-94CF-3A3E-8609-026AA7B2F58B} = {8FD4A8A6-94CF-3A3E-8609-026AA7B2F58B}
	EndProjectSection
EndProject
Project("{8BC9CEB8-8B4A-11D0-8D11-00A0C91BC942}") = "podofocrop", "tools\podofocrop\podofocrop.vcxproj", "{D6752F19-437F-303A-8626-990B2FC75D0C}"
	ProjectSection(ProjectDependencies) = postProject
		{D02C619D-1A23-34F6-96CA-7FF03A9D0677} = {D02C619D-1A23-34F6-96CA-7FF03A9D0677}
		{8FD4A8A6-94CF-3A3E-8609-026AA7B2F58B} = {8FD4A8A6-94CF-3A3E-8609-026AA7B2F58B}
	EndProjectSection
EndProject
Project("{8BC9CEB8-8B4A-11D0-8D11-00A0C91BC942}") = "podofoencrypt", "tools\podofoencrypt\podofoencrypt.vcxproj", "{7ADF940A-443C-35D5-8096-498D2988052E}"
	ProjectSection(ProjectDependencies) = postProject
		{D02C619D-1A23-34F6-96CA-7FF03A9D0677} = {D02C619D-1A23-34F6-96CA-7FF03A9D0677}
		{8FD4A8A6-94CF-3A3E-8609-026AA7B2F58B} = {8FD4A8A6-94CF-3A3E-8609-026AA7B2F58B}
	EndProjectSection
EndProject
Project("{8BC9CEB8-8B4A-11D0-8D11-00A0C91BC942}") = "podofogc", "tools\podofogc\podofogc.vcxproj", "{96AFE8C4-5009-36C0-9F8D-74B1C91FB732}"
	ProjectSection(ProjectDependencies) = postProject
		{D02C619D-1A23-34F6-96CA-7FF03A9D0677} = {D02C619D-1A23-34F6-96CA-7FF03A9D0677}
		{8FD4A8A6-94CF-3A3E-8609-026AA7B2F58B} = {8FD4A8A6-94CF-3A3E-8609-026AA7B2F58B}
	EndProjectSection
EndProject
Project("{8BC9CEB8-8B4A-11D0-8D11-00A0C91BC942}") = "podofoimg2pdf", "tools\podofoimg2pdf\podofoimg2pdf.vcxproj", "{C1734DAA-C687-395F-9C2E-BF0631961649}"
	ProjectSection(ProjectDependencies) = postProject
		{D02C619D-1A23-34F6-96CA-7FF03A9D0677} = {D02C619D-1A23-34F6-96CA-7FF03A9D0677}
		{8FD4A8A6-94CF-3A3E-8609-026AA7B2F58B} = {8FD4A8A6-94CF-3A3E-8609-026AA7B2F58B}
	EndProjectSection
EndProject
Project("{8BC9CEB8-8B4A-11D0-8D11-00A0C91BC942}") = "podofoimgextract", "tools\podofoimgextract\podofoimgextract.vcxproj", "{D3F5D018-C6A2-3757-88A8-99B94DEB6F10}"
	ProjectSection(ProjectDependencies) = postProject
		{D02C619D-1A23-34F6-96CA-7FF03A9D0677} = {D02C619D-1A23-34F6-96CA-7FF03A9D0677}
		{8FD4A8A6-94CF-3A3E-8609-026AA7B2F58B} = {8FD4A8A6-94CF-3A3E-8609-026AA7B2F58B}
	EndProjectSection
EndProject
Project("{8BC9CEB8-8B4A-11D0-8D11-00A0C91BC942}") = "podofoimpose", "tools\podofoimpose\podofoimpose.vcxproj", "{3C3AF295-6455-3777-B568-931BB7652349}"
	ProjectSection(ProjectDependencies) = postProject
		{D02C619D-1A23-34F6-96CA-7FF03A9D0677} = {D02C619D-1A23-34F6-96CA-7FF03A9D0677}
		{8FD4A8A6-94CF-3A3E-8609-026AA7B2F58B} = {8FD4A8A6-94CF-3A3E-8609-026AA7B2F58B}
	EndProjectSection
EndProject
Project("{8BC9CEB8-8B4A-11D0-8D11-00A0C91BC942}") = "podofoincrementalupdates", "tools\podofoincrementalupdates\podofoincrementalupdates.vcxproj", "{016AC59D-E794-3C30-921A-BCB6D1FDA030}"
	ProjectSection(ProjectDependencies) = postProject
		{D02C619D-1A23-34F6-96CA-7FF03A9D0677} = {D02C619D-1A23-34F6-96CA-7FF03A9D0677}
		{8FD4A8A6-94CF-3A3E-8609-026AA7B2F58B} = {8FD4A8A6-94CF-3A3E-8609-026AA7B2F58B}
	EndProjectSection
EndProject
Project("{8BC9CEB8-8B4A-11D0-8D11-00A0C91BC942}") = "podofomerge", "tools\podofomerge\podofomerge.vcxproj", "{89A31CA6-A4D1-3642-BF2A-68D3B045A58B}"
	ProjectSection(ProjectDependencies) = postProject
		{D02C619D-1A23-34F6-96CA-7FF03A9D0677} = {D02C619D-1A23-34F6-96CA-7FF03A9D0677}
		{8FD4A8A6-94CF-3A3E-8609-026AA7B2F58B} = {8FD4A8A6-94CF-3A3E-8609-026AA7B2F58B}
	EndProjectSection
EndProject
Project("{8BC9CEB8-8B4A-11D0-8D11-00A0C91BC942}") = "podofopages", "tools\podofopages\podofopages.vcxproj", "{DC49A49E-E0C9-3258-8B67-7DBD02951347}"
	ProjectSection(ProjectDependencies) = postProject
		{D02C619D-1A23-34F6-96CA-7FF03A9D0677} = {D02C619D-1A23-34F6-96CA-7FF03A9D0677}
		{8FD4A8A6-94CF-3A3E-8609-026AA7B2F58B} = {8FD4A8A6-94CF-3A3E-8609-026AA7B2F58B}
	EndProjectSection
EndProject
Project("{8BC9CEB8-8B4A-11D0-8D11-00A0C91BC942}") = "podofopdfinfo", "tools\podofopdfinfo\podofopdfinfo.vcxproj", "{A117962F-4391-3D6F-A376-C017A5E29567}"
	ProjectSection(ProjectDependencies) = postProject
		{D02C619D-1A23-34F6-96CA-7FF03A9D0677} = {D02C619D-1A23-34F6-96CA-7FF03A9D0677}
		{8FD4A8A6-94CF-3A3E-8609-026AA7B2F58B} = {8FD4A8A6-94CF-3A3E-8609-026AA7B2F58B}
	EndProjectSection
EndProject
Project("{8BC9CEB8-8B4A-11D0-8D11-00A0C91BC942}") = "podofotxt2pdf", "tools\podofotxt2pdf\podofotxt2pdf.vcxproj", "{34D21A05-8DF1-3C6C-9DAE-FB51C4173648}"
	ProjectSection(ProjectDependencies) = postProject
		{D02C619D-1A23-34F6-96CA-7FF03A9D0677} = {D02C619D-1A23-34F6-96CA-7FF03A9D0677}
		{8FD4A8A6-94CF-3A3E-8609-026AA7B2F58B} = {8FD4A8A6-94CF-3A3E-8609-026AA7B2F58B}
	EndProjectSection
EndProject
Project("{8BC9CEB8-8B4A-11D0-8D11-00A0C91BC942}") = "podofotxtextract", "tools\podofotxtextract\podofotxtextract.vcxproj", "{7DD30412-6675-308B-9DB8-4A2338D1E700}"
	ProjectSection(ProjectDependencies) = postProject
		{D02C619D-1A23-34F6-96CA-7FF03A9D0677} = {D02C619D-1A23-34F6-96CA-7FF03A9D0677}
		{8FD4A8A6-94CF-3A3E-8609-026AA7B2F58B} = {8FD4A8A6-94CF-3A3E-8609-026AA7B2F58B}
	EndProjectSection
EndProject
Project("{8BC9CEB8-8B4A-11D0-8D11-00A0C91BC942}") = "podofouncompress", "tools\podofouncompress\podofouncompress.vcxproj", "{76F968F2-412A-3723-8E7B-5C94F9DEFB3B}"
	ProjectSection(ProjectDependencies) = postProject
		{D02C619D-1A23-34F6-96CA-7FF03A9D0677} = {D02C619D-1A23-34F6-96CA-7FF03A9D0677}
		{8FD4A8A6-94CF-3A3E-8609-026AA7B2F58B} = {8FD4A8A6-94CF-3A3E-8609-026AA7B2F58B}
	EndProjectSection
EndProject
Project("{8BC9CEB8-8B4A-11D0-8D11-00A0C91BC942}") = "podofoxmp", "tools\podofoxmp\podofoxmp.vcxproj", "{BC16E266-D3B5-39DF-A69D-DCAC56B198E2}"
	ProjectSection(ProjectDependencies) = postProject
		{D02C619D-1A23-34F6-96CA-7FF03A9D0677} = {D02C619D-1A23-34F6-96CA-7FF03A9D0677}
		{8FD4A8A6-94CF-3A3E-8609-026AA7B2F58B} = {8FD4A8A6-94CF-3A3E-8609-026AA7B2F58B}
	EndProjectSection
EndProject
Project("{8BC9CEB8-8B4A-11D0-8D11-00A0C91BC942}") = "uninstall", "uninstall.vcxproj", "{08C4AFF1-5CDA-34EE-9309-D46E2CD2F3AD}"
	ProjectSection(ProjectDependencies) = postProject
		{D02C619D-1A23-34F6-96CA-7FF03A9D0677} = {D02C619D-1A23-34F6-96CA-7FF03A9D0677}
	EndProjectSection
EndProject
Global
	GlobalSection(SolutionConfigurationPlatforms) = preSolution
		Debug|Win32 = Debug|Win32
		Release|Win32 = Release|Win32
		MinSizeRel|Win32 = MinSizeRel|Win32
		RelWithDebInfo|Win32 = RelWithDebInfo|Win32
	EndGlobalSection
	GlobalSection(ProjectConfigurationPlatforms) = postSolution
		{C3597CFC-6237-370D-9505-6D3FE84FD76E}.Debug|Win32.ActiveCfg = Debug|Win32
		{C3597CFC-6237-370D-9505-6D3FE84FD76E}.Debug|Win32.Build.0 = Debug|Win32
		{C3597CFC-6237-370D-9505-6D3FE84FD76E}.Release|Win32.ActiveCfg = Release|Win32
		{C3597CFC-6237-370D-9505-6D3FE84FD76E}.Release|Win32.Build.0 = Release|Win32
		{C3597CFC-6237-370D-9505-6D3FE84FD76E}.MinSizeRel|Win32.ActiveCfg = MinSizeRel|Win32
		{C3597CFC-6237-370D-9505-6D3FE84FD76E}.MinSizeRel|Win32.Build.0 = MinSizeRel|Win32
		{C3597CFC-6237-370D-9505-6D3FE84FD76E}.RelWithDebInfo|Win32.ActiveCfg = RelWithDebInfo|Win32
		{C3597CFC-6237-370D-9505-6D3FE84FD76E}.RelWithDebInfo|Win32.Build.0 = RelWithDebInfo|Win32
		{3914FD0E-D532-36CE-801D-59773E2E7561}.Debug|Win32.ActiveCfg = Debug|Win32
		{3914FD0E-D532-36CE-801D-59773E2E7561}.Debug|Win32.Build.0 = Debug|Win32
		{3914FD0E-D532-36CE-801D-59773E2E7561}.Release|Win32.ActiveCfg = Release|Win32
		{3914FD0E-D532-36CE-801D-59773E2E7561}.Release|Win32.Build.0 = Release|Win32
		{3914FD0E-D532-36CE-801D-59773E2E7561}.MinSizeRel|Win32.ActiveCfg = MinSizeRel|Win32
		{3914FD0E-D532-36CE-801D-59773E2E7561}.MinSizeRel|Win32.Build.0 = MinSizeRel|Win32
		{3914FD0E-D532-36CE-801D-59773E2E7561}.RelWithDebInfo|Win32.ActiveCfg = RelWithDebInfo|Win32
		{3914FD0E-D532-36CE-801D-59773E2E7561}.RelWithDebInfo|Win32.Build.0 = RelWithDebInfo|Win32
		{580DB966-CC71-3AD3-AD6A-04E4E9963E81}.Debug|Win32.ActiveCfg = Debug|Win32
		{580DB966-CC71-3AD3-AD6A-04E4E9963E81}.Debug|Win32.Build.0 = Debug|Win32
		{580DB966-CC71-3AD3-AD6A-04E4E9963E81}.Release|Win32.ActiveCfg = Release|Win32
		{580DB966-CC71-3AD3-AD6A-04E4E9963E81}.Release|Win32.Build.0 = Release|Win32
		{580DB966-CC71-3AD3-AD6A-04E4E9963E81}.MinSizeRel|Win32.ActiveCfg = MinSizeRel|Win32
		{580DB966-CC71-3AD3-AD6A-04E4E9963E81}.MinSizeRel|Win32.Build.0 = MinSizeRel|Win32
		{580DB966-CC71-3AD3-AD6A-04E4E9963E81}.RelWithDebInfo|Win32.ActiveCfg = RelWithDebInfo|Win32
		{580DB966-CC71-3AD3-AD6A-04E4E9963E81}.RelWithDebInfo|Win32.Build.0 = RelWithDebInfo|Win32
		{DCDEEB6D-9295-3049-93E8-93BCDC6AF4B9}.Debug|Win32.ActiveCfg = Debug|Win32
		{DCDEEB6D-9295-3049-93E8-93BCDC6AF4B9}.Debug|Win32.Build.0 = Debug|Win32
		{DCDEEB6D-9295-3049-93E8-93BCDC6AF4B9}.Release|Win32.ActiveCfg = Release|Win32
		{DCDEEB6D-9295-3049-93E8-93BCDC6AF4B9}.Release|Win32.Build.0 = Release|Win32
		{DCDEEB6D-9295-3049-93E8-93BCDC6AF4B9}.MinSizeRel|Win32.ActiveCfg = MinSizeRel|Win32
		{DCDEEB6D-9295-3049-93E8-93BCDC6AF4B9}.MinSizeRel|Win32.Build.0 = MinSizeRel|Win32
		{DCDEEB6D-9295-3049-93E8-93BCDC6AF4B9}.RelWithDebInfo|Win32.ActiveCfg = RelWithDebInfo|Win32
		{DCDEEB6D-9295-3049-93E8-93BCDC6AF4B9}.RelWithDebInfo|Win32.Build.0 = RelWithDebInfo|Win32
		{037CB4E5-180A-35AC-A0ED-9556E2F51BE3}.Debug|Win32.ActiveCfg = Debug|Win32
		{037CB4E5-180A-35AC-A0ED-9556E2F51BE3}.Debug|Win32.Build.0 = Debug|Win32
		{037CB4E5-180A-35AC-A0ED-9556E2F51BE3}.Release|Win32.ActiveCfg = Release|Win32
		{037CB4E5-180A-35AC-A0ED-9556E2F51BE3}.Release|Win32.Build.0 = Release|Win32
		{037CB4E5-180A-35AC-A0ED-9556E2F51BE3}.MinSizeRel|Win32.ActiveCfg = MinSizeRel|Win32
		{037CB4E5-180A-35AC-A0ED-9556E2F51BE3}.MinSizeRel|Win32.Build.0 = MinSizeRel|Win32
		{037CB4E5-180A-35AC-A0ED-9556E2F51BE3}.RelWithDebInfo|Win32.ActiveCfg = RelWithDebInfo|Win32
		{037CB4E5-180A-35AC-A0ED-9556E2F51BE3}.RelWithDebInfo|Win32.Build.0 = RelWithDebInfo|Win32
		{4117ACB1-67B9-3C96-9B3D-EAB359D81443}.Debug|Win32.ActiveCfg = Debug|Win32
		{4117ACB1-67B9-3C96-9B3D-EAB359D81443}.Release|Win32.ActiveCfg = Release|Win32
		{4117ACB1-67B9-3C96-9B3D-EAB359D81443}.MinSizeRel|Win32.ActiveCfg = MinSizeRel|Win32
		{4117ACB1-67B9-3C96-9B3D-EAB359D81443}.RelWithDebInfo|Win32.ActiveCfg = RelWithDebInfo|Win32
		{F380E152-A195-3F93-83AB-17405D050F33}.Debug|Win32.ActiveCfg = Debug|Win32
		{F380E152-A195-3F93-83AB-17405D050F33}.Debug|Win32.Build.0 = Debug|Win32
		{F380E152-A195-3F93-83AB-17405D050F33}.Release|Win32.ActiveCfg = Release|Win32
		{F380E152-A195-3F93-83AB-17405D050F33}.Release|Win32.Build.0 = Release|Win32
		{F380E152-A195-3F93-83AB-17405D050F33}.MinSizeRel|Win32.ActiveCfg = MinSizeRel|Win32
		{F380E152-A195-3F93-83AB-17405D050F33}.MinSizeRel|Win32.Build.0 = MinSizeRel|Win32
		{F380E152-A195-3F93-83AB-17405D050F33}.RelWithDebInfo|Win32.ActiveCfg = RelWithDebInfo|Win32
		{F380E152-A195-3F93-83AB-17405D050F33}.RelWithDebInfo|Win32.Build.0 = RelWithDebInfo|Win32
		{FB4FED5F-A6AE-3CFD-B48C-8A8EB9878D58}.Debug|Win32.ActiveCfg = Debug|Win32
		{FB4FED5F-A6AE-3CFD-B48C-8A8EB9878D58}.Debug|Win32.Build.0 = Debug|Win32
		{FB4FED5F-A6AE-3CFD-B48C-8A8EB9878D58}.Release|Win32.ActiveCfg = Release|Win32
		{FB4FED5F-A6AE-3CFD-B48C-8A8EB9878D58}.Release|Win32.Build.0 = Release|Win32
		{FB4FED5F-A6AE-3CFD-B48C-8A8EB9878D58}.MinSizeRel|Win32.ActiveCfg = MinSizeRel|Win32
		{FB4FED5F-A6AE-3CFD-B48C-8A8EB9878D58}.MinSizeRel|Win32.Build.0 = MinSizeRel|Win32
		{FB4FED5F-A6AE-3CFD-B48C-8A8EB9878D58}.RelWithDebInfo|Win32.ActiveCfg = RelWithDebInfo|Win32
		{FB4FED5F-A6AE-3CFD-B48C-8A8EB9878D58}.RelWithDebInfo|Win32.Build.0 = RelWithDebInfo|Win32
		{5DB993DE-3AE5-3FCD-841E-CA339AF4F1D5}.Debug|Win32.ActiveCfg = Debug|Win32
		{5DB993DE-3AE5-3FCD-841E-CA339AF4F1D5}.Debug|Win32.Build.0 = Debug|Win32
		{5DB993DE-3AE5-3FCD-841E-CA339AF4F1D5}.Release|Win32.ActiveCfg = Release|Win32
		{5DB993DE-3AE5-3FCD-841E-CA339AF4F1D5}.Release|Win32.Build.0 = Release|Win32
		{5DB993DE-3AE5-3FCD-841E-CA339AF4F1D5}.MinSizeRel|Win32.ActiveCfg = MinSizeRel|Win32
		{5DB993DE-3AE5-3FCD-841E-CA339AF4F1D5}.MinSizeRel|Win32.Build.0 = MinSizeRel|Win32
		{5DB993DE-3AE5-3FCD-841E-CA339AF4F1D5}.RelWithDebInfo|Win32.ActiveCfg = RelWithDebInfo|Win32
		{5DB993DE-3AE5-3FCD-841E-CA339AF4F1D5}.RelWithDebInfo|Win32.Build.0 = RelWithDebInfo|Win32
		{F065A1DC-C63B-37F0-AFDC-2CF8B3E8B4AD}.Debug|Win32.ActiveCfg = Debug|Win32
		{F065A1DC-C63B-37F0-AFDC-2CF8B3E8B4AD}.Debug|Win32.Build.0 = Debug|Win32
		{F065A1DC-C63B-37F0-AFDC-2CF8B3E8B4AD}.Release|Win32.ActiveCfg = Release|Win32
		{F065A1DC-C63B-37F0-AFDC-2CF8B3E8B4AD}.Release|Win32.Build.0 = Release|Win32
		{F065A1DC-C63B-37F0-AFDC-2CF8B3E8B4AD}.MinSizeRel|Win32.ActiveCfg = MinSizeRel|Win32
		{F065A1DC-C63B-37F0-AFDC-2CF8B3E8B4AD}.MinSizeRel|Win32.Build.0 = MinSizeRel|Win32
		{F065A1DC-C63B-37F0-AFDC-2CF8B3E8B4AD}.RelWithDebInfo|Win32.ActiveCfg = RelWithDebInfo|Win32
		{F065A1DC-C63B-37F0-AFDC-2CF8B3E8B4AD}.RelWithDebInfo|Win32.Build.0 = RelWithDebInfo|Win32
		{97B4E650-D63A-31D1-B482-EF372F36ACA6}.Debug|Win32.ActiveCfg = Debug|Win32
		{97B4E650-D63A-31D1-B482-EF372F36ACA6}.Debug|Win32.Build.0 = Debug|Win32
		{97B4E650-D63A-31D1-B482-EF372F36ACA6}.Release|Win32.ActiveCfg = Release|Win32
		{97B4E650-D63A-31D1-B482-EF372F36ACA6}.Release|Win32.Build.0 = Release|Win32
		{97B4E650-D63A-31D1-B482-EF372F36ACA6}.MinSizeRel|Win32.ActiveCfg = MinSizeRel|Win32
		{97B4E650-D63A-31D1-B482-EF372F36ACA6}.MinSizeRel|Win32.Build.0 = MinSizeRel|Win32
		{97B4E650-D63A-31D1-B482-EF372F36ACA6}.RelWithDebInfo|Win32.ActiveCfg = RelWithDebInfo|Win32
		{97B4E650-D63A-31D1-B482-EF372F36ACA6}.RelWithDebInfo|Win32.Build.0 = RelWithDebInfo|Win32
		{3943FF25-F1B7-3E4A-BFAC-EC13AE6BA802}.Debug|Win32.ActiveCfg = Debug|Win32
		{3943FF25-F1B7-3E4A-BFAC-EC13AE6BA802}.Debug|Win32.Build.0 = Debug|Win32
		{3943FF25-F1B7-3E4A-BFAC-EC13AE6BA802}.Release|Win32.ActiveCfg = Release|Win32
		{3943FF25-F1B7-3E4A-BFAC-EC13AE6BA802}.Release|Win32.Build.0 = Release|Win32
		{3943FF25-F1B7-3E4A-BFAC-EC13AE6BA802}.MinSizeRel|Win32.ActiveCfg = MinSizeRel|Win32
		{3943FF25-F1B7-3E4A-BFAC-EC13AE6BA802}.MinSizeRel|Win32.Build.0 = MinSizeRel|Win32
		{3943FF25-F1B7-3E4A-BFAC-EC13AE6BA802}.RelWithDebInfo|Win32.ActiveCfg = RelWithDebInfo|Win32
		{3943FF25-F1B7-3E4A-BFAC-EC13AE6BA802}.RelWithDebInfo|Win32.Build.0 = RelWithDebInfo|Win32
		{D02C619D-1A23-34F6-96CA-7FF03A9D0677}.Debug|Win32.ActiveCfg = Debug|Win32
		{D02C619D-1A23-34F6-96CA-7FF03A9D0677}.Debug|Win32.Build.0 = Debug|Win32
		{D02C619D-1A23-34F6-96CA-7FF03A9D0677}.Release|Win32.ActiveCfg = Release|Win32
		{D02C619D-1A23-34F6-96CA-7FF03A9D0677}.Release|Win32.Build.0 = Release|Win32
		{D02C619D-1A23-34F6-96CA-7FF03A9D0677}.MinSizeRel|Win32.ActiveCfg = MinSizeRel|Win32
		{D02C619D-1A23-34F6-96CA-7FF03A9D0677}.MinSizeRel|Win32.Build.0 = MinSizeRel|Win32
		{D02C619D-1A23-34F6-96CA-7FF03A9D0677}.RelWithDebInfo|Win32.ActiveCfg = RelWithDebInfo|Win32
		{D02C619D-1A23-34F6-96CA-7FF03A9D0677}.RelWithDebInfo|Win32.Build.0 = RelWithDebInfo|Win32
		{3313282E-B0E0-3CB4-9E87-FCD4004E20D8}.Debug|Win32.ActiveCfg = Debug|Win32
		{3313282E-B0E0-3CB4-9E87-FCD4004E20D8}.Debug|Win32.Build.0 = Debug|Win32
		{3313282E-B0E0-3CB4-9E87-FCD4004E20D8}.Release|Win32.ActiveCfg = Release|Win32
		{3313282E-B0E0-3CB4-9E87-FCD4004E20D8}.Release|Win32.Build.0 = Release|Win32
		{3313282E-B0E0-3CB4-9E87-FCD4004E20D8}.MinSizeRel|Win32.ActiveCfg = MinSizeRel|Win32
		{3313282E-B0E0-3CB4-9E87-FCD4004E20D8}.MinSizeRel|Win32.Build.0 = MinSizeRel|Win32
		{3313282E-B0E0-3CB4-9E87-FCD4004E20D8}.RelWithDebInfo|Win32.ActiveCfg = RelWithDebInfo|Win32
		{3313282E-B0E0-3CB4-9E87-FCD4004E20D8}.RelWithDebInfo|Win32.Build.0 = RelWithDebInfo|Win32
		{3BB8395D-500A-31C4-9B1B-357306C30E73}.Debug|Win32.ActiveCfg = Debug|Win32
		{3BB8395D-500A-31C4-9B1B-357306C30E73}.Debug|Win32.Build.0 = Debug|Win32
		{3BB8395D-500A-31C4-9B1B-357306C30E73}.Release|Win32.ActiveCfg = Release|Win32
		{3BB8395D-500A-31C4-9B1B-357306C30E73}.Release|Win32.Build.0 = Release|Win32
		{3BB8395D-500A-31C4-9B1B-357306C30E73}.MinSizeRel|Win32.ActiveCfg = MinSizeRel|Win32
		{3BB8395D-500A-31C4-9B1B-357306C30E73}.MinSizeRel|Win32.Build.0 = MinSizeRel|Win32
		{3BB8395D-500A-31C4-9B1B-357306C30E73}.RelWithDebInfo|Win32.ActiveCfg = RelWithDebInfo|Win32
		{3BB8395D-500A-31C4-9B1B-357306C30E73}.RelWithDebInfo|Win32.Build.0 = RelWithDebInfo|Win32
		{8FD4A8A6-94CF-3A3E-8609-026AA7B2F58B}.Debug|Win32.ActiveCfg = Debug|Win32
		{8FD4A8A6-94CF-3A3E-8609-026AA7B2F58B}.Debug|Win32.Build.0 = Debug|Win32
		{8FD4A8A6-94CF-3A3E-8609-026AA7B2F58B}.Release|Win32.ActiveCfg = Release|Win32
		{8FD4A8A6-94CF-3A3E-8609-026AA7B2F58B}.Release|Win32.Build.0 = Release|Win32
		{8FD4A8A6-94CF-3A3E-8609-026AA7B2F58B}.MinSizeRel|Win32.ActiveCfg = MinSizeRel|Win32
		{8FD4A8A6-94CF-3A3E-8609-026AA7B2F58B}.MinSizeRel|Win32.Build.0 = MinSizeRel|Win32
		{8FD4A8A6-94CF-3A3E-8609-026AA7B2F58B}.RelWithDebInfo|Win32.ActiveCfg = RelWithDebInfo|Win32
		{8FD4A8A6-94CF-3A3E-8609-026AA7B2F58B}.RelWithDebInfo|Win32.Build.0 = RelWithDebInfo|Win32
		{4287617E-05DF-348F-BA77-D334FE652C40}.Debug|Win32.ActiveCfg = Debug|Win32
		{4287617E-05DF-348F-BA77-D334FE652C40}.Debug|Win32.Build.0 = Debug|Win32
		{4287617E-05DF-348F-BA77-D334FE652C40}.Release|Win32.ActiveCfg = Release|Win32
		{4287617E-05DF-348F-BA77-D334FE652C40}.Release|Win32.Build.0 = Release|Win32
		{4287617E-05DF-348F-BA77-D334FE652C40}.MinSizeRel|Win32.ActiveCfg = MinSizeRel|Win32
		{4287617E-05DF-348F-BA77-D334FE652C40}.MinSizeRel|Win32.Build.0 = MinSizeRel|Win32
		{4287617E-05DF-348F-BA77-D334FE652C40}.RelWithDebInfo|Win32.ActiveCfg = RelWithDebInfo|Win32
		{4287617E-05DF-348F-BA77-D334FE652C40}.RelWithDebInfo|Win32.Build.0 = RelWithDebInfo|Win32
		{ACE8735E-7DA8-3797-8F05-67DACF903379}.Debug|Win32.ActiveCfg = Debug|Win32
		{ACE8735E-7DA8-3797-8F05-67DACF903379}.Debug|Win32.Build.0 = Debug|Win32
		{ACE8735E-7DA8-3797-8F05-67DACF903379}.Release|Win32.ActiveCfg = Release|Win32
		{ACE8735E-7DA8-3797-8F05-67DACF903379}.Release|Win32.Build.0 = Release|Win32
		{ACE8735E-7DA8-3797-8F05-67DACF903379}.MinSizeRel|Win32.ActiveCfg = MinSizeRel|Win32
		{ACE8735E-7DA8-3797-8F05-67DACF903379}.MinSizeRel|Win32.Build.0 = MinSizeRel|Win32
		{ACE8735E-7DA8-3797-8F05-67DACF903379}.RelWithDebInfo|Win32.ActiveCfg = RelWithDebInfo|Win32
		{ACE8735E-7DA8-3797-8F05-67DACF903379}.RelWithDebInfo|Win32.Build.0 = RelWithDebInfo|Win32
		{9F7471E0-3E55-332B-9C8D-85A663729626}.Debug|Win32.ActiveCfg = Debug|Win32
		{9F7471E0-3E55-332B-9C8D-85A663729626}.Debug|Win32.Build.0 = Debug|Win32
		{9F7471E0-3E55-332B-9C8D-85A663729626}.Release|Win32.ActiveCfg = Release|Win32
		{9F7471E0-3E55-332B-9C8D-85A663729626}.Release|Win32.Build.0 = Release|Win32
		{9F7471E0-3E55-332B-9C8D-85A663729626}.MinSizeRel|Win32.ActiveCfg = MinSizeRel|Win32
		{9F7471E0-3E55-332B-9C8D-85A663729626}.MinSizeRel|Win32.Build.0 = MinSizeRel|Win32
		{9F7471E0-3E55-332B-9C8D-85A663729626}.RelWithDebInfo|Win32.ActiveCfg = RelWithDebInfo|Win32
		{9F7471E0-3E55-332B-9C8D-85A663729626}.RelWithDebInfo|Win32.Build.0 = RelWithDebInfo|Win32
		{D6752F19-437F-303A-8626-990B2FC75D0C}.Debug|Win32.ActiveCfg = Debug|Win32
		{D6752F19-437F-303A-8626-990B2FC75D0C}.Debug|Win32.Build.0 = Debug|Win32
		{D6752F19-437F-303A-8626-990B2FC75D0C}.Release|Win32.ActiveCfg = Release|Win32
		{D6752F19-437F-303A-8626-990B2FC75D0C}.Release|Win32.Build.0 = Release|Win32
		{D6752F19-437F-303A-8626-990B2FC75D0C}.MinSizeRel|Win32.ActiveCfg = MinSizeRel|Win32
		{D6752F19-437F-303A-8626-990B2FC75D0C}.MinSizeRel|Win32.Build.0 = MinSizeRel|Win32
		{D6752F19-437F-303A-8626-990B2FC75D0C}.RelWithDebInfo|Win32.ActiveCfg = RelWithDebInfo|Win32
		{D6752F19-437F-303A-8626-990B2FC75D0C}.RelWithDebInfo|Win32.Build.0 = RelWithDebInfo|Win32
		{7ADF940A-443C-35D5-8096-498D2988052E}.Debug|Win32.ActiveCfg = Debug|Win32
		{7ADF940A-443C-35D5-8096-498D2988052E}.Debug|Win32.Build.0 = Debug|Win32
		{7ADF940A-443C-35D5-8096-498D2988052E}.Release|Win32.ActiveCfg = Release|Win32
		{7ADF940A-443C-35D5-8096-498D2988052E}.Release|Win32.Build.0 = Release|Win32
		{7ADF940A-443C-35D5-8096-498D2988052E}.MinSizeRel|Win32.ActiveCfg = MinSizeRel|Win32
		{7ADF940A-443C-35D5-8096-498D2988052E}.MinSizeRel|Win32.Build.0 = MinSizeRel|Win32
		{7ADF940A-443C-35D5-8096-498D2988052E}.RelWithDebInfo|Win32.ActiveCfg = RelWithDebInfo|Win32
		{7ADF940A-443C-35D5-8096-498D2988052E}.RelWithDebInfo|Win32.Build.0 = RelWithDebInfo|Win32
		{96AFE8C4-5009-36C0-9F8D-74B1C91FB732}.Debug|Win32.ActiveCfg = Debug|Win32
		{96AFE8C4-5009-36C0-9F8D-74B1C91FB732}.Debug|Win32.Build.0 = Debug|Win32
		{96AFE8C4-5009-36C0-9F8D-74B1C91FB732}.Release|Win32.ActiveCfg = Release|Win32
		{96AFE8C4-5009-36C0-9F8D-74B1C91FB732}.Release|Win32.Build.0 = Release|Win32
		{96AFE8C4-5009-36C0-9F8D-74B1C91FB732}.MinSizeRel|Win32.ActiveCfg = MinSizeRel|Win32
		{96AFE8C4-5009-36C0-9F8D-74B1C91FB732}.MinSizeRel|Win32.Build.0 = MinSizeRel|Win32
		{96AFE8C4-5009-36C0-9F8D-74B1C91FB732}.RelWithDebInfo|Win32.ActiveCfg = RelWithDebInfo|Win32
		{96AFE8C4-5009-36C0-9F8D-74B1C91FB732}.RelWithDebInfo|Win32.Build.0 = RelWithDebInfo|Win32
		{C1734DAA-C687-395F-9C2E-BF0631961649}.Debug|Win32.ActiveCfg = Debug|Win32
		{C1734DAA-C687-395F-9C2E-BF0631961649}.Debug|Win32.Build.0 = Debug|Win32
		{C1734DAA-C687-395F-9C2E-BF0631961649}.Release|Win32.ActiveCfg = Release|Win32
		{C1734DAA-C687-395F-9C2E-BF0631961649}.Release|Win32.Build.0 = Release|Win32
		{C1734DAA-C687-395F-9C2E-BF0631961649}.MinSizeRel|Win32.ActiveCfg = MinSizeRel|Win32
		{C1734DAA-C687-395F-9C2E-BF0631961649}.MinSizeRel|Win32.Build.0 = MinSizeRel|Win32
		{C1734DAA-C687-395F-9C2E-BF0631961649}.RelWithDebInfo|Win32.ActiveCfg = RelWithDebInfo|Win32
		{C1734DAA-C687-395F-9C2E-BF0631961649}.RelWithDebInfo|Win32.Build.0 = RelWithDebInfo|Win32
		{D3F5D018-C6A2-3757-88A8-99B94DEB6F10}.Debug|Win32.ActiveCfg = Debug|Win32
		{D3F5D018-C6A2-3757-88A8-99B94DEB6F10}.Debug|Win32.Build.0 = Debug|Win32
		{D3F5D018-C6A2-3757-88A8-99B94DEB6F10}.Release|Win32.ActiveCfg = Release|Win32
		{D3F5D018-C6A2-3757-88A8-99B94DEB6F10}.Release|Win32.Build.0 = Release|Win32
		{D3F5D018-C6A2-3757-88A8-99B94DEB6F10}.MinSizeRel|Win32.ActiveCfg = MinSizeRel|Win32
		{D3F5D018-C6A2-3757-88A8-99B94DEB6F10}.MinSizeRel|Win32.Build.0 = MinSizeRel|Win32
		{D3F5D018-C6A2-3757-88A8-99B94DEB6F10}.RelWithDebInfo|Win32.ActiveCfg = RelWithDebInfo|Win32
		{D3F5D018-C6A2-3757-88A8-99B94DEB6F10}.RelWithDebInfo|Win32.Build.0 = RelWithDebInfo|Win32
		{3C3AF295-6455-3777-B568-931BB7652349}.Debug|Win32.ActiveCfg = Debug|Win32
		{3C3AF295-6455-3777-B568-931BB7652349}.Debug|Win32.Build.0 = Debug|Win32
		{3C3AF295-6455-3777-B568-931BB7652349}.Release|Win32.ActiveCfg = Release|Win32
		{3C3AF295-6455-3777-B568-931BB7652349}.Release|Win32.Build.0 = Release|Win32
		{3C3AF295-6455-3777-B568-931BB7652349}.MinSizeRel|Win32.ActiveCfg = MinSizeRel|Win32
		{3C3AF295-6455-3777-B568-931BB7652349}.MinSizeRel|Win32.Build.0 = MinSizeRel|Win32
		{3C3AF295-6455-3777-B568-931BB7652349}.RelWithDebInfo|Win32.ActiveCfg = RelWithDebInfo|Win32
		{3C3AF295-6455-3777-B568-931BB7652349}.RelWithDebInfo|Win32.Build.0 = RelWithDebInfo|Win32
		{016AC59D-E794-3C30-921A-BCB6D1FDA030}.Debug|Win32.ActiveCfg = Debug|Win32
		{016AC59D-E794-3C30-921A-BCB6D1FDA030}.Debug|Win32.Build.0 = Debug|Win32
		{016AC59D-E794-3C30-921A-BCB6D1FDA030}.Release|Win32.ActiveCfg = Release|Win32
		{016AC59D-E794-3C30-921A-BCB6D1FDA030}.Release|Win32.Build.0 = Release|Win32
		{016AC59D-E794-3C30-921A-BCB6D1FDA030}.MinSizeRel|Win32.ActiveCfg = MinSizeRel|Win32
		{016AC59D-E794-3C30-921A-BCB6D1FDA030}.MinSizeRel|Win32.Build.0 = MinSizeRel|Win32
		{016AC59D-E794-3C30-921A-BCB6D1FDA030}.RelWithDebInfo|Win32.ActiveCfg = RelWithDebInfo|Win32
		{016AC59D-E794-3C30-921A-BCB6D1FDA030}.RelWithDebInfo|Win32.Build.0 = RelWithDebInfo|Win32
		{89A31CA6-A4D1-3642-BF2A-68D3B045A58B}.Debug|Win32.ActiveCfg = Debug|Win32
		{89A31CA6-A4D1-3642-BF2A-68D3B045A58B}.Debug|Win32.Build.0 = Debug|Win32
		{89A31CA6-A4D1-3642-BF2A-68D3B045A58B}.Release|Win32.ActiveCfg = Release|Win32
		{89A31CA6-A4D1-3642-BF2A-68D3B045A58B}.Release|Win32.Build.0 = Release|Win32
		{89A31CA6-A4D1-3642-BF2A-68D3B045A58B}.MinSizeRel|Win32.ActiveCfg = MinSizeRel|Win32
		{89A31CA6-A4D1-3642-BF2A-68D3B045A58B}.MinSizeRel|Win32.Build.0 = MinSizeRel|Win32
		{89A31CA6-A4D1-3642-BF2A-68D3B045A58B}.RelWithDebInfo|Win32.ActiveCfg = RelWithDebInfo|Win32
		{89A31CA6-A4D1-3642-BF2A-68D3B045A58B}.RelWithDebInfo|Win32.Build.0 = RelWithDebInfo|Win32
		{DC49A49E-E0C9-3258-8B67-7DBD02951347}.Debug|Win32.ActiveCfg = Debug|Win32
		{DC49A49E-E0C9-3258-8B67-7DBD02951347}.Debug|Win32.Build.0 = Debug|Win32
		{DC49A49E-E0C9-3258-8B67-7DBD02951347}.Release|Win32.ActiveCfg = Release|Win32
		{DC49A49E-E0C9-3258-8B67-7DBD02951347}.Release|Win32.Build.0 = Release|Win32
		{DC49A49E-E0C9-3258-8B67-7DBD02951347}.MinSizeRel|Win32.ActiveCfg = MinSizeRel|Win32
		{DC49A49E-E0C9-3258-8B67-7DBD02951347}.MinSizeRel|Win32.Build.0 = MinSizeRel|Win32
		{DC49A49E-E0C9-3258-8B67-7DBD02951347}.RelWithDebInfo|Win32.ActiveCfg = RelWithDebInfo|Win32
		{DC49A49E-E0C9-3258-8B67-7DBD02951347}.RelWithDebInfo|Win32.Build.0 = RelWithDebInfo|Win32
		{A117962F-4391-3D6F-A376-C017A5E29567}.Debug|Win32.ActiveCfg = Debug|Win32
		{A117962F-4391-3D6F-A376-C017A5E29567}.Debug|Win32.Build.0 = Debug|Win32
		{A117962F-4391-3D6F-A376-C017A5E29567}.Release|Win32.ActiveCfg = Release|Win32
		{A117962F-4391-3D6F-A376-C017A5E29567}.Release|Win32.Build.0 = Release|Win32
		{A117962F-4391-3D6F-A376-C017A5E29567}.MinSizeRel|Win32.ActiveCfg = MinSizeRel|Win32
		{A117962F-4391-3D6F-A376-C017A5E29567}.MinSizeRel|Win32.Build.0 = MinSizeRel|Win32
		{A117962F-4391-3D6F-A376-C017A5E29567}.RelWithDebInfo|Win32.ActiveCfg = RelWithDebInfo|Win32
		{A117962F-4391-3D6F-A376-C017A5E29567}.RelWithDebInfo|Win32.Build.0 = RelWithDebInfo|Win32
		{34D21A05-8DF1-3C6C-9DAE-FB51C4173648}.Debug|Win32.ActiveCfg = Debug|Win32
		{34D21A05-8DF1-3C6C-9DAE-FB51C4173648}.Debug|Win32.Build.0 = Debug|Win32
		{34D21A05-8DF1-3C6C-9DAE-FB51C4173648}.Release|Win32.ActiveCfg = Release|Win32
		{34D21A05-8DF1-3C6C-9DAE-FB51C4173648}.Release|Win32.Build.0 = Release|Win32
		{34D21A05-8DF1-3C6C-9DAE-FB51C4173648}.MinSizeRel|Win32.ActiveCfg = MinSizeRel|Win32
		{34D21A05-8DF1-3C6C-9DAE-FB51C4173648}.MinSizeRel|Win32.Build.0 = MinSizeRel|Win32
		{34D21A05-8DF1-3C6C-9DAE-FB51C4173648}.RelWithDebInfo|Win32.ActiveCfg = RelWithDebInfo|Win32
		{34D21A05-8DF1-3C6C-9DAE-FB51C4173648}.RelWithDebInfo|Win32.Build.0 = RelWithDebInfo|Win32
		{7DD30412-6675-308B-9DB8-4A2338D1E700}.Debug|Win32.ActiveCfg = Debug|Win32
		{7DD30412-6675-308B-9DB8-4A2338D1E700}.Debug|Win32.Build.0 = Debug|Win32
		{7DD30412-6675-308B-9DB8-4A2338D1E700}.Release|Win32.ActiveCfg = Release|Win32
		{7DD30412-6675-308B-9DB8-4A2338D1E700}.Release|Win32.Build.0 = Release|Win32
		{7DD30412-6675-308B-9DB8-4A2338D1E700}.MinSizeRel|Win32.ActiveCfg = MinSizeRel|Win32
		{7DD30412-6675-308B-9DB8-4A2338D1E700}.MinSizeRel|Win32.Build.0 = MinSizeRel|Win32
		{7DD30412-6675-308B-9DB8-4A2338D1E700}.RelWithDebInfo|Win32.ActiveCfg = RelWithDebInfo|Win32
		{7DD30412-6675-308B-9DB8-4A2338D1E700}.RelWithDebInfo|Win32.Build.0 = RelWithDebInfo|Win32
		{76F968F2-412A-3723-8E7B-5C94F9DEFB3B}.Debug|Win32.ActiveCfg = Debug|Win32
		{76F968F2-412A-3723-8E7B-5C94F9DEFB3B}.Debug|Win32.Build.0 = Debug|Win32
		{76F968F2-412A-3723-8E7B-5C94F9DEFB3B}.Release|Win32.ActiveCfg = Release|Win32
		{76F968F2-412A-3723-8E7B-5C94F9DEFB3B}.Release|Win32.Build.0 = Release|Win32
		{76F968F2-412A-3723-8E7B-5C94F9DEFB3B}.MinSizeRel|Win32.ActiveCfg = MinSizeRel|Win32
		{76F968F2-412A-3723-8E7B-5C94F9DEFB3B}.MinSizeRel|Win32.Build.0 = MinSizeRel|Win32
		{76F968F2-412A-3723-8E7B-5C94F9DEFB3B}.RelWithDebInfo|Win32.ActiveCfg = RelWithDebInfo|Win32
		{76F968F2-412A-3723-8E7B-5C94F9DEFB3B}.RelWithDebInfo|Win32.Build.0 = RelWithDebInfo|Win32
		{BC16E266-D3B5-39DF-A69D-DCAC56B198E2}.Debug|Win32.ActiveCfg = Debug|Win32
		{BC16E266-D3B5-39DF-A69D-DCAC56B198E2}.Debug|Win32.Build.0 = Debug|Win32
		{BC16E266-D3B5-39DF-A69D-DCAC56B198E2}.Release|Win32.ActiveCfg = Release|Win32
		{BC16E266-D3B5-39DF-A69D-DCAC56B198E2}.Release|Win32.Build.0 = Release|Win32
		{BC16E266-D3B5-39DF-A69D-DCAC56B198E2}.MinSizeRel|Win32.ActiveCfg = MinSizeRel|Win32
		{BC16E266-D3B5-39DF-A69D-DCAC56B198E2}.MinSizeRel|Win32.Build.0 = MinSizeRel|Win32
		{BC16E266-D3B5-39DF-A69D-DCAC56B198E2}.RelWithDebInfo|Win32.ActiveCfg = RelWithDebInfo|Win32
		{BC16E266-D3B5-39DF-A69D-DCAC56B198E2}.RelWithDebInfo|Win32.Build.0 = RelWithDebInfo|Win32
		{08C4AFF1-5CDA-34EE-9309-D46E2CD2F3AD}.Debug|Win32.ActiveCfg = Debug|Win32
		{08C4AFF1-5CDA-34EE-9309-D46E2CD2F3AD}.Release|Win32.ActiveCfg = Release|Win32
		{08C4AFF1-5CDA-34EE-9309-D46E2CD2F3AD}.MinSizeRel|Win32.ActiveCfg = MinSizeRel|Win32
		{08C4AFF1-5CDA-34EE-9309-D46E2CD2F3AD}.RelWithDebInfo|Win32.ActiveCfg = RelWithDebInfo|Win32
	EndGlobalSection
	GlobalSection(ExtensibilityGlobals) = postSolution
		SolutionGuid = {1F7645E2-BB8E-35E9-ADC4-7E6E48F288E7}
	EndGlobalSection
	GlobalSection(ExtensibilityAddIns) = postSolution
	EndGlobalSection
EndGlobal
