Microsoft Visual Studio Solution File, Format Version 12.00
# Visual Studio 15
Project("{8BC9CEB8-8B4A-11D0-8D11-00A0C91BC942}") = "ALL_BUILD", "ALL_BUILD.vcxproj", "{59B2BD6A-59E7-3F69-8CB1-E296FA4149F2}"
	ProjectSection(ProjectDependencies) = postProject
		{71F38805-16CE-38EE-A9F8-C1907183C2B9} = {71F38805-16CE-38EE-A9F8-C1907183C2B9}
		{1CF97DD2-3A1C-3E26-8D0F-9F73DCA9858C} = {1CF97DD2-3A1C-3E26-8D0F-9F73DCA9858C}
		{6DAB028F-4F63-3CA7-B58A-D6EC377FB326} = {6DAB028F-4F63-3CA7-B58A-D6EC377FB326}
		{59997AD9-AB30-31CB-8CFB-554EF7AA5E89} = {59997AD9-AB30-31CB-8CFB-554EF7AA5E89}
		{27BE0E5E-2591-307D-9CE4-1AA531F590BE} = {27BE0E5E-2591-307D-9CE4-1AA531F590BE}
		{CAD887E3-E163-3C1D-9ECA-F3F645F8412F} = {CAD887E3-E163-3C1D-9ECA-F3F645F8412F}
		{D36E68E6-0BC3-3D77-BD87-DD3C22390DAD} = {D36E68E6-0BC3-3D77-BD87-DD3C22390DAD}
		{F7C61117-4216-3CB6-AE05-9714B6557B71} = {F7C61117-4216-3CB6-AE05-9714B6557B71}
		{A4F5BED3-9EED-3054-899F-8E10358ADFAE} = {A4F5BED3-9EED-3054-899F-8E10358ADFAE}
		{D2287DD3-08A5-3E1B-84D4-E08CE957DE94} = {D2287DD3-08A5-3E1B-84D4-E08CE957DE94}
		{62BAE02C-AEF4-34A1-A689-A3437508FD40} = {62BAE02C-AEF4-34A1-A689-A3437508FD40}
		{A37DBEAC-88CE-35D9-BC1D-A775D62D862D} = {A37DBEAC-88CE-35D9-BC1D-A775D62D862D}
		{3BFB9177-6A1B-3E92-ABEF-76C2673CBF67} = {3BFB9177-6A1B-3E92-ABEF-76C2673CBF67}
		{87261B8A-3E2C-3DD9-87E0-AF714948BBFA} = {87261B8A-3E2C-3DD9-87E0-AF714948BBFA}
		{34355741-AF9B-3AC9-AF95-8D960A73BE2E} = {34355741-AF9B-3AC9-AF95-8D960A73BE2E}
		{905EC6A1-1458-3BBD-A9C2-563A4975BE37} = {905EC6A1-1458-3BBD-A9C2-563A4975BE37}
		{C34CF106-C99E-3402-B7D0-74A9C2F1D06E} = {C34CF106-C99E-3402-B7D0-74A9C2F1D06E}
		{71B2E94C-9026-3DF9-BAD2-23DECFA64577} = {71B2E94C-9026-3DF9-BAD2-23DECFA64577}
		{98E48753-14A9-392A-9C3E-72CA911A08F9} = {98E48753-14A9-392A-9C3E-72CA911A08F9}
		{2EA58D5F-FCC6-31BA-8844-766A43C1D3E0} = {2EA58D5F-FCC6-31BA-8844-766A43C1D3E0}
		{ED72705C-8111-341E-8001-B481FC83A54D} = {ED72705C-8111-341E-8001-B481FC83A54D}
		{1D6A1CA6-C4A8-3940-A5ED-C9BA5BA79E38} = {1D6A1CA6-C4A8-3940-A5ED-C9BA5BA79E38}
		{C163FD96-69AF-34C4-94A3-7E37F5D12568} = {C163FD96-69AF-34C4-94A3-7E37F5D12568}
		{10D71859-8B87-3A2E-86BA-74E3349936C8} = {10D71859-8B87-3A2E-86BA-74E3349936C8}
		{966B357D-4159-394C-A179-CD65CAD3D291} = {966B357D-4159-394C-A179-CD65CAD3D291}
		{610349B2-98E5-3608-846F-ADBAC3898D0A} = {610349B2-98E5-3608-846F-ADBAC3898D0A}
		{278AE757-42C8-3EDD-9D95-C453A67285F8} = {278AE757-42C8-3EDD-9D95-C453A67285F8}
		{A5A91161-AC22-364F-9698-FC39FE1F9ECD} = {A5A91161-AC22-364F-9698-FC39FE1F9ECD}
		{E4E0BA9D-6C5C-3084-AD75-2C3D719EFD68} = {E4E0BA9D-6C5C-3084-AD75-2C3D719EFD68}
		{8BF4F0A6-8507-34AB-A782-4862E86447B2} = {8BF4F0A6-8507-34AB-A782-4862E86447B2}
		{D684569F-0A6E-37AC-9D23-D65D1D6AA9E7} = {D684569F-0A6E-37AC-9D23-D65D1D6AA9E7}
	EndProjectSection
EndProject
Project("{8BC9CEB8-8B4A-11D0-8D11-00A0C91BC942}") = "ContentParser", "test\ContentParser\ContentParser.vcxproj", "{71F38805-16CE-38EE-A9F8-C1907183C2B9}"
	ProjectSection(ProjectDependencies) = postProject
		{62BAE02C-AEF4-34A1-A689-A3437508FD40} = {62BAE02C-AEF4-34A1-A689-A3437508FD40}
		{87261B8A-3E2C-3DD9-87E0-AF714948BBFA} = {87261B8A-3E2C-3DD9-87E0-AF714948BBFA}
	EndProjectSection
EndProject
Project("{8BC9CEB8-8B4A-11D0-8D11-00A0C91BC942}") = "CreationTest", "test\CreationTest\CreationTest.vcxproj", "{1CF97DD2-3A1C-3E26-8D0F-9F73DCA9858C}"
	ProjectSection(ProjectDependencies) = postProject
		{62BAE02C-AEF4-34A1-A689-A3437508FD40} = {62BAE02C-AEF4-34A1-A689-A3437508FD40}
		{87261B8A-3E2C-3DD9-87E0-AF714948BBFA} = {87261B8A-3E2C-3DD9-87E0-AF714948BBFA}
	EndProjectSection
EndProject
Project("{8BC9CEB8-8B4A-11D0-8D11-00A0C91BC942}") = "FilterTest", "test\FilterTest\FilterTest.vcxproj", "{6DAB028F-4F63-3CA7-B58A-D6EC377FB326}"
	ProjectSection(ProjectDependencies) = postProject
		{62BAE02C-AEF4-34A1-A689-A3437508FD40} = {62BAE02C-AEF4-34A1-A689-A3437508FD40}
		{87261B8A-3E2C-3DD9-87E0-AF714948BBFA} = {87261B8A-3E2C-3DD9-87E0-AF714948BBFA}
	EndProjectSection
EndProject
Project("{8BC9CEB8-8B4A-11D0-8D11-00A0C91BC942}") = "FormTest", "test\FormTest\FormTest.vcxproj", "{59997AD9-AB30-31CB-8CFB-554EF7AA5E89}"
	ProjectSection(ProjectDependencies) = postProject
		{62BAE02C-AEF4-34A1-A689-A3437508FD40} = {62BAE02C-AEF4-34A1-A689-A3437508FD40}
		{87261B8A-3E2C-3DD9-87E0-AF714948BBFA} = {87261B8A-3E2C-3DD9-87E0-AF714948BBFA}
	EndProjectSection
EndProject
Project("{8BC9CEB8-8B4A-11D0-8D11-00A0C91BC942}") = "INSTALL", "INSTALL.vcxproj", "{2220FDE6-1A75-3AE5-A545-0C79B1AC5064}"
	ProjectSection(ProjectDependencies) = postProject
		{59B2BD6A-59E7-3F69-8CB1-E296FA4149F2} = {59B2BD6A-59E7-3F69-8CB1-E296FA4149F2}
		{62BAE02C-AEF4-34A1-A689-A3437508FD40} = {62BAE02C-AEF4-34A1-A689-A3437508FD40}
	EndProjectSection
EndProject
Project("{8BC9CEB8-8B4A-11D0-8D11-00A0C91BC942}") = "ObjectParserTest", "test\ObjectParserTest\ObjectParserTest.vcxproj", "{27BE0E5E-2591-307D-9CE4-1AA531F590BE}"
	ProjectSection(ProjectDependencies) = postProject
		{62BAE02C-AEF4-34A1-A689-A3437508FD40} = {62BAE02C-AEF4-34A1-A689-A3437508FD40}
		{87261B8A-3E2C-3DD9-87E0-AF714948BBFA} = {87261B8A-3E2C-3DD9-87E0-AF714948BBFA}
	EndProjectSection
EndProject
Project("{8BC9CEB8-8B4A-11D0-8D11-00A0C91BC942}") = "ParserTest", "test\ParserTest\ParserTest.vcxproj", "{CAD887E3-E163-3C1D-9ECA-F3F645F8412F}"
	ProjectSection(ProjectDependencies) = postProject
		{62BAE02C-AEF4-34A1-A689-A3437508FD40} = {62BAE02C-AEF4-34A1-A689-A3437508FD40}
		{87261B8A-3E2C-3DD9-87E0-AF714948BBFA} = {87261B8A-3E2C-3DD9-87E0-AF714948BBFA}
	EndProjectSection
EndProject
Project("{8BC9CEB8-8B4A-11D0-8D11-00A0C91BC942}") = "SignatureTest", "test\SignatureTest\SignatureTest.vcxproj", "{D36E68E6-0BC3-3D77-BD87-DD3C22390DAD}"
	ProjectSection(ProjectDependencies) = postProject
		{62BAE02C-AEF4-34A1-A689-A3437508FD40} = {62BAE02C-AEF4-34A1-A689-A3437508FD40}
		{87261B8A-3E2C-3DD9-87E0-AF714948BBFA} = {87261B8A-3E2C-3DD9-87E0-AF714948BBFA}
	EndProjectSection
EndProject
Project("{8BC9CEB8-8B4A-11D0-8D11-00A0C91BC942}") = "TokenizerTest", "test\TokenizerTest\TokenizerTest.vcxproj", "{F7C61117-4216-3CB6-AE05-9714B6557B71}"
	ProjectSection(ProjectDependencies) = postProject
		{62BAE02C-AEF4-34A1-A689-A3437508FD40} = {62BAE02C-AEF4-34A1-A689-A3437508FD40}
		{87261B8A-3E2C-3DD9-87E0-AF714948BBFA} = {87261B8A-3E2C-3DD9-87E0-AF714948BBFA}
	EndProjectSection
EndProject
Project("{8BC9CEB8-8B4A-11D0-8D11-00A0C91BC942}") = "VariantTest", "test\VariantTest\VariantTest.vcxproj", "{A4F5BED3-9EED-3054-899F-8E10358ADFAE}"
	ProjectSection(ProjectDependencies) = postProject
		{62BAE02C-AEF4-34A1-A689-A3437508FD40} = {62BAE02C-AEF4-34A1-A689-A3437508FD40}
		{87261B8A-3E2C-3DD9-87E0-AF714948BBFA} = {87261B8A-3E2C-3DD9-87E0-AF714948BBFA}
	EndProjectSection
EndProject
Project("{8BC9CEB8-8B4A-11D0-8D11-00A0C91BC942}") = "WatermarkTest", "test\WatermarkTest\WatermarkTest.vcxproj", "{D2287DD3-08A5-3E1B-84D4-E08CE957DE94}"
	ProjectSection(ProjectDependencies) = postProject
		{62BAE02C-AEF4-34A1-A689-A3437508FD40} = {62BAE02C-AEF4-34A1-A689-A3437508FD40}
		{87261B8A-3E2C-3DD9-87E0-AF714948BBFA} = {87261B8A-3E2C-3DD9-87E0-AF714948BBFA}
	EndProjectSection
EndProject
Project("{8BC9CEB8-8B4A-11D0-8D11-00A0C91BC942}") = "ZERO_CHECK", "ZERO_CHECK.vcxproj", "{62BAE02C-AEF4-34A1-A689-A3437508FD40}"
	ProjectSection(ProjectDependencies) = postProject
	EndProjectSection
EndProject
Project("{8BC9CEB8-8B4A-11D0-8D11-00A0C91BC942}") = "helloworld", "examples\helloworld\helloworld.vcxproj", "{A37DBEAC-88CE-35D9-BC1D-A775D62D862D}"
	ProjectSection(ProjectDependencies) = postProject
		{62BAE02C-AEF4-34A1-A689-A3437508FD40} = {62BAE02C-AEF4-34A1-A689-A3437508FD40}
		{87261B8A-3E2C-3DD9-87E0-AF714948BBFA} = {87261B8A-3E2C-3DD9-87E0-AF714948BBFA}
	EndProjectSection
EndProject
Project("{8BC9CEB8-8B4A-11D0-8D11-00A0C91BC942}") = "helloworld-base14", "examples\helloworld-base14\helloworld-base14.vcxproj", "{3BFB9177-6A1B-3E92-ABEF-76C2673CBF67}"
	ProjectSection(ProjectDependencies) = postProject
		{62BAE02C-AEF4-34A1-A689-A3437508FD40} = {62BAE02C-AEF4-34A1-A689-A3437508FD40}
		{87261B8A-3E2C-3DD9-87E0-AF714948BBFA} = {87261B8A-3E2C-3DD9-87E0-AF714948BBFA}
	EndProjectSection
EndProject
Project("{8BC9CEB8-8B4A-11D0-8D11-00A0C91BC942}") = "podofo_shared", "src\podofo_shared.vcxproj", "{87261B8A-3E2C-3DD9-87E0-AF714948BBFA}"
	ProjectSection(ProjectDependencies) = postProject
		{62BAE02C-AEF4-34A1-A689-A3437508FD40} = {62BAE02C-AEF4-34A1-A689-A3437508FD40}
	EndProjectSection
EndProject
Project("{8BC9CEB8-8B4A-11D0-8D11-00A0C91BC942}") = "podofobox", "tools\podofobox\podofobox.vcxproj", "{34355741-AF9B-3AC9-AF95-8D960A73BE2E}"
	ProjectSection(ProjectDependencies) = postProject
		{62BAE02C-AEF4-34A1-A689-A3437508FD40} = {62BAE02C-AEF4-34A1-A689-A3437508FD40}
		{87261B8A-3E2C-3DD9-87E0-AF714948BBFA} = {87261B8A-3E2C-3DD9-87E0-AF714948BBFA}
	EndProjectSection
EndProject
Project("{8BC9CEB8-8B4A-11D0-8D11-00A0C91BC942}") = "podofocolor", "tools\podofocolor\podofocolor.vcxproj", "{905EC6A1-1458-3BBD-A9C2-563A4975BE37}"
	ProjectSection(ProjectDependencies) = postProject
		{62BAE02C-AEF4-34A1-A689-A3437508FD40} = {62BAE02C-AEF4-34A1-A689-A3437508FD40}
		{87261B8A-3E2C-3DD9-87E0-AF714948BBFA} = {87261B8A-3E2C-3DD9-87E0-AF714948BBFA}
	EndProjectSection
EndProject
Project("{8BC9CEB8-8B4A-11D0-8D11-00A0C91BC942}") = "podofocountpages", "tools\podofocountpages\podofocountpages.vcxproj", "{C34CF106-C99E-3402-B7D0-74A9C2F1D06E}"
	ProjectSection(ProjectDependencies) = postProject
		{62BAE02C-AEF4-34A1-A689-A3437508FD40} = {62BAE02C-AEF4-34A1-A689-A3437508FD40}
		{87261B8A-3E2C-3DD9-87E0-AF714948BBFA} = {87261B8A-3E2C-3DD9-87E0-AF714948BBFA}
	EndProjectSection
EndProject
Project("{8BC9CEB8-8B4A-11D0-8D11-00A0C91BC942}") = "podofocrop", "tools\podofocrop\podofocrop.vcxproj", "{71B2E94C-9026-3DF9-BAD2-23DECFA64577}"
	ProjectSection(ProjectDependencies) = postProject
		{62BAE02C-AEF4-34A1-A689-A3437508FD40} = {62BAE02C-AEF4-34A1-A689-A3437508FD40}
		{87261B8A-3E2C-3DD9-87E0-AF714948BBFA} = {87261B8A-3E2C-3DD9-87E0-AF714948BBFA}
	EndProjectSection
EndProject
Project("{8BC9CEB8-8B4A-11D0-8D11-00A0C91BC942}") = "podofoencrypt", "tools\podofoencrypt\podofoencrypt.vcxproj", "{98E48753-14A9-392A-9C3E-72CA911A08F9}"
	ProjectSection(ProjectDependencies) = postProject
		{62BAE02C-AEF4-34A1-A689-A3437508FD40} = {62BAE02C-AEF4-34A1-A689-A3437508FD40}
		{87261B8A-3E2C-3DD9-87E0-AF714948BBFA} = {87261B8A-3E2C-3DD9-87E0-AF714948BBFA}
	EndProjectSection
EndProject
Project("{8BC9CEB8-8B4A-11D0-8D11-00A0C91BC942}") = "podofogc", "tools\podofogc\podofogc.vcxproj", "{2EA58D5F-FCC6-31BA-8844-766A43C1D3E0}"
	ProjectSection(ProjectDependencies) = postProject
		{62BAE02C-AEF4-34A1-A689-A3437508FD40} = {62BAE02C-AEF4-34A1-A689-A3437508FD40}
		{87261B8A-3E2C-3DD9-87E0-AF714948BBFA} = {87261B8A-3E2C-3DD9-87E0-AF714948BBFA}
	EndProjectSection
EndProject
Project("{8BC9CEB8-8B4A-11D0-8D11-00A0C91BC942}") = "podofoimg2pdf", "tools\podofoimg2pdf\podofoimg2pdf.vcxproj", "{ED72705C-8111-341E-8001-B481FC83A54D}"
	ProjectSection(ProjectDependencies) = postProject
		{62BAE02C-AEF4-34A1-A689-A3437508FD40} = {62BAE02C-AEF4-34A1-A689-A3437508FD40}
		{87261B8A-3E2C-3DD9-87E0-AF714948BBFA} = {87261B8A-3E2C-3DD9-87E0-AF714948BBFA}
	EndProjectSection
EndProject
Project("{8BC9CEB8-8B4A-11D0-8D11-00A0C91BC942}") = "podofoimgextract", "tools\podofoimgextract\podofoimgextract.vcxproj", "{1D6A1CA6-C4A8-3940-A5ED-C9BA5BA79E38}"
	ProjectSection(ProjectDependencies) = postProject
		{62BAE02C-AEF4-34A1-A689-A3437508FD40} = {62BAE02C-AEF4-34A1-A689-A3437508FD40}
		{87261B8A-3E2C-3DD9-87E0-AF714948BBFA} = {87261B8A-3E2C-3DD9-87E0-AF714948BBFA}
	EndProjectSection
EndProject
Project("{8BC9CEB8-8B4A-11D0-8D11-00A0C91BC942}") = "podofoimpose", "tools\podofoimpose\podofoimpose.vcxproj", "{C163FD96-69AF-34C4-94A3-7E37F5D12568}"
	ProjectSection(ProjectDependencies) = postProject
		{62BAE02C-AEF4-34A1-A689-A3437508FD40} = {62BAE02C-AEF4-34A1-A689-A3437508FD40}
		{87261B8A-3E2C-3DD9-87E0-AF714948BBFA} = {87261B8A-3E2C-3DD9-87E0-AF714948BBFA}
	EndProjectSection
EndProject
Project("{8BC9CEB8-8B4A-11D0-8D11-00A0C91BC942}") = "podofoincrementalupdates", "tools\podofoincrementalupdates\podofoincrementalupdates.vcxproj", "{10D71859-8B87-3A2E-86BA-74E3349936C8}"
	ProjectSection(ProjectDependencies) = postProject
		{62BAE02C-AEF4-34A1-A689-A3437508FD40} = {62BAE02C-AEF4-34A1-A689-A3437508FD40}
		{87261B8A-3E2C-3DD9-87E0-AF714948BBFA} = {87261B8A-3E2C-3DD9-87E0-AF714948BBFA}
	EndProjectSection
EndProject
Project("{8BC9CEB8-8B4A-11D0-8D11-00A0C91BC942}") = "podofomerge", "tools\podofomerge\podofomerge.vcxproj", "{966B357D-4159-394C-A179-CD65CAD3D291}"
	ProjectSection(ProjectDependencies) = postProject
		{62BAE02C-AEF4-34A1-A689-A3437508FD40} = {62BAE02C-AEF4-34A1-A689-A3437508FD40}
		{87261B8A-3E2C-3DD9-87E0-AF714948BBFA} = {87261B8A-3E2C-3DD9-87E0-AF714948BBFA}
	EndProjectSection
EndProject
Project("{8BC9CEB8-8B4A-11D0-8D11-00A0C91BC942}") = "podofopages", "tools\podofopages\podofopages.vcxproj", "{610349B2-98E5-3608-846F-ADBAC3898D0A}"
	ProjectSection(ProjectDependencies) = postProject
		{62BAE02C-AEF4-34A1-A689-A3437508FD40} = {62BAE02C-AEF4-34A1-A689-A3437508FD40}
		{87261B8A-3E2C-3DD9-87E0-AF714948BBFA} = {87261B8A-3E2C-3DD9-87E0-AF714948BBFA}
	EndProjectSection
EndProject
Project("{8BC9CEB8-8B4A-11D0-8D11-00A0C91BC942}") = "podofopdfinfo", "tools\podofopdfinfo\podofopdfinfo.vcxproj", "{278AE757-42C8-3EDD-9D95-C453A67285F8}"
	ProjectSection(ProjectDependencies) = postProject
		{62BAE02C-AEF4-34A1-A689-A3437508FD40} = {62BAE02C-AEF4-34A1-A689-A3437508FD40}
		{87261B8A-3E2C-3DD9-87E0-AF714948BBFA} = {87261B8A-3E2C-3DD9-87E0-AF714948BBFA}
	EndProjectSection
EndProject
Project("{8BC9CEB8-8B4A-11D0-8D11-00A0C91BC942}") = "podofotxt2pdf", "tools\podofotxt2pdf\podofotxt2pdf.vcxproj", "{A5A91161-AC22-364F-9698-FC39FE1F9ECD}"
	ProjectSection(ProjectDependencies) = postProject
		{62BAE02C-AEF4-34A1-A689-A3437508FD40} = {62BAE02C-AEF4-34A1-A689-A3437508FD40}
		{87261B8A-3E2C-3DD9-87E0-AF714948BBFA} = {87261B8A-3E2C-3DD9-87E0-AF714948BBFA}
	EndProjectSection
EndProject
Project("{8BC9CEB8-8B4A-11D0-8D11-00A0C91BC942}") = "podofotxtextract", "tools\podofotxtextract\podofotxtextract.vcxproj", "{E4E0BA9D-6C5C-3084-AD75-2C3D719EFD68}"
	ProjectSection(ProjectDependencies) = postProject
		{62BAE02C-AEF4-34A1-A689-A3437508FD40} = {62BAE02C-AEF4-34A1-A689-A3437508FD40}
		{87261B8A-3E2C-3DD9-87E0-AF714948BBFA} = {87261B8A-3E2C-3DD9-87E0-AF714948BBFA}
	EndProjectSection
EndProject
Project("{8BC9CEB8-8B4A-11D0-8D11-00A0C91BC942}") = "podofouncompress", "tools\podofouncompress\podofouncompress.vcxproj", "{8BF4F0A6-8507-34AB-A782-4862E86447B2}"
	ProjectSection(ProjectDependencies) = postProject
		{62BAE02C-AEF4-34A1-A689-A3437508FD40} = {62BAE02C-AEF4-34A1-A689-A3437508FD40}
		{87261B8A-3E2C-3DD9-87E0-AF714948BBFA} = {87261B8A-3E2C-3DD9-87E0-AF714948BBFA}
	EndProjectSection
EndProject
Project("{8BC9CEB8-8B4A-11D0-8D11-00A0C91BC942}") = "podofoxmp", "tools\podofoxmp\podofoxmp.vcxproj", "{D684569F-0A6E-37AC-9D23-D65D1D6AA9E7}"
	ProjectSection(ProjectDependencies) = postProject
		{62BAE02C-AEF4-34A1-A689-A3437508FD40} = {62BAE02C-AEF4-34A1-A689-A3437508FD40}
		{87261B8A-3E2C-3DD9-87E0-AF714948BBFA} = {87261B8A-3E2C-3DD9-87E0-AF714948BBFA}
	EndProjectSection
EndProject
Project("{8BC9CEB8-8B4A-11D0-8D11-00A0C91BC942}") = "uninstall", "uninstall.vcxproj", "{3C90D497-2A72-3D2C-81AD-03EEE2E932F5}"
	ProjectSection(ProjectDependencies) = postProject
		{62BAE02C-AEF4-34A1-A689-A3437508FD40} = {62BAE02C-AEF4-34A1-A689-A3437508FD40}
	EndProjectSection
EndProject
Global
	GlobalSection(SolutionConfigurationPlatforms) = preSolution
		Debug|Win32 = Debug|Win32
		Release|Win32 = Release|Win32
		MinSizeRel|Win32 = MinSizeRel|Win32
		RelWithDebInfo|Win32 = RelWithDebInfo|Win32
	EndGlobalSection
	GlobalSection(ProjectConfigurationPlatforms) = postSolution
		{59B2BD6A-59E7-3F69-8CB1-E296FA4149F2}.Debug|Win32.ActiveCfg = Debug|Win32
		{59B2BD6A-59E7-3F69-8CB1-E296FA4149F2}.Debug|Win32.Build.0 = Debug|Win32
		{59B2BD6A-59E7-3F69-8CB1-E296FA4149F2}.Release|Win32.ActiveCfg = Release|Win32
		{59B2BD6A-59E7-3F69-8CB1-E296FA4149F2}.Release|Win32.Build.0 = Release|Win32
		{59B2BD6A-59E7-3F69-8CB1-E296FA4149F2}.MinSizeRel|Win32.ActiveCfg = MinSizeRel|Win32
		{59B2BD6A-59E7-3F69-8CB1-E296FA4149F2}.MinSizeRel|Win32.Build.0 = MinSizeRel|Win32
		{59B2BD6A-59E7-3F69-8CB1-E296FA4149F2}.RelWithDebInfo|Win32.ActiveCfg = RelWithDebInfo|Win32
		{59B2BD6A-59E7-3F69-8CB1-E296FA4149F2}.RelWithDebInfo|Win32.Build.0 = RelWithDebInfo|Win32
		{71F38805-16CE-38EE-A9F8-C1907183C2B9}.Debug|Win32.ActiveCfg = Debug|Win32
		{71F38805-16CE-38EE-A9F8-C1907183C2B9}.Debug|Win32.Build.0 = Debug|Win32
		{71F38805-16CE-38EE-A9F8-C1907183C2B9}.Release|Win32.ActiveCfg = Release|Win32
		{71F38805-16CE-38EE-A9F8-C1907183C2B9}.Release|Win32.Build.0 = Release|Win32
		{71F38805-16CE-38EE-A9F8-C1907183C2B9}.MinSizeRel|Win32.ActiveCfg = MinSizeRel|Win32
		{71F38805-16CE-38EE-A9F8-C1907183C2B9}.MinSizeRel|Win32.Build.0 = MinSizeRel|Win32
		{71F38805-16CE-38EE-A9F8-C1907183C2B9}.RelWithDebInfo|Win32.ActiveCfg = RelWithDebInfo|Win32
		{71F38805-16CE-38EE-A9F8-C1907183C2B9}.RelWithDebInfo|Win32.Build.0 = RelWithDebInfo|Win32
		{1CF97DD2-3A1C-3E26-8D0F-9F73DCA9858C}.Debug|Win32.ActiveCfg = Debug|Win32
		{1CF97DD2-3A1C-3E26-8D0F-9F73DCA9858C}.Debug|Win32.Build.0 = Debug|Win32
		{1CF97DD2-3A1C-3E26-8D0F-9F73DCA9858C}.Release|Win32.ActiveCfg = Release|Win32
		{1CF97DD2-3A1C-3E26-8D0F-9F73DCA9858C}.Release|Win32.Build.0 = Release|Win32
		{1CF97DD2-3A1C-3E26-8D0F-9F73DCA9858C}.MinSizeRel|Win32.ActiveCfg = MinSizeRel|Win32
		{1CF97DD2-3A1C-3E26-8D0F-9F73DCA9858C}.MinSizeRel|Win32.Build.0 = MinSizeRel|Win32
		{1CF97DD2-3A1C-3E26-8D0F-9F73DCA9858C}.RelWithDebInfo|Win32.ActiveCfg = RelWithDebInfo|Win32
		{1CF97DD2-3A1C-3E26-8D0F-9F73DCA9858C}.RelWithDebInfo|Win32.Build.0 = RelWithDebInfo|Win32
		{6DAB028F-4F63-3CA7-B58A-D6EC377FB326}.Debug|Win32.ActiveCfg = Debug|Win32
		{6DAB028F-4F63-3CA7-B58A-D6EC377FB326}.Debug|Win32.Build.0 = Debug|Win32
		{6DAB028F-4F63-3CA7-B58A-D6EC377FB326}.Release|Win32.ActiveCfg = Release|Win32
		{6DAB028F-4F63-3CA7-B58A-D6EC377FB326}.Release|Win32.Build.0 = Release|Win32
		{6DAB028F-4F63-3CA7-B58A-D6EC377FB326}.MinSizeRel|Win32.ActiveCfg = MinSizeRel|Win32
		{6DAB028F-4F63-3CA7-B58A-D6EC377FB326}.MinSizeRel|Win32.Build.0 = MinSizeRel|Win32
		{6DAB028F-4F63-3CA7-B58A-D6EC377FB326}.RelWithDebInfo|Win32.ActiveCfg = RelWithDebInfo|Win32
		{6DAB028F-4F63-3CA7-B58A-D6EC377FB326}.RelWithDebInfo|Win32.Build.0 = RelWithDebInfo|Win32
		{59997AD9-AB30-31CB-8CFB-554EF7AA5E89}.Debug|Win32.ActiveCfg = Debug|Win32
		{59997AD9-AB30-31CB-8CFB-554EF7AA5E89}.Debug|Win32.Build.0 = Debug|Win32
		{59997AD9-AB30-31CB-8CFB-554EF7AA5E89}.Release|Win32.ActiveCfg = Release|Win32
		{59997AD9-AB30-31CB-8CFB-554EF7AA5E89}.Release|Win32.Build.0 = Release|Win32
		{59997AD9-AB30-31CB-8CFB-554EF7AA5E89}.MinSizeRel|Win32.ActiveCfg = MinSizeRel|Win32
		{59997AD9-AB30-31CB-8CFB-554EF7AA5E89}.MinSizeRel|Win32.Build.0 = MinSizeRel|Win32
		{59997AD9-AB30-31CB-8CFB-554EF7AA5E89}.RelWithDebInfo|Win32.ActiveCfg = RelWithDebInfo|Win32
		{59997AD9-AB30-31CB-8CFB-554EF7AA5E89}.RelWithDebInfo|Win32.Build.0 = RelWithDebInfo|Win32
		{2220FDE6-1A75-3AE5-A545-0C79B1AC5064}.Debug|Win32.ActiveCfg = Debug|Win32
		{2220FDE6-1A75-3AE5-A545-0C79B1AC5064}.Release|Win32.ActiveCfg = Release|Win32
		{2220FDE6-1A75-3AE5-A545-0C79B1AC5064}.MinSizeRel|Win32.ActiveCfg = MinSizeRel|Win32
		{2220FDE6-1A75-3AE5-A545-0C79B1AC5064}.RelWithDebInfo|Win32.ActiveCfg = RelWithDebInfo|Win32
		{27BE0E5E-2591-307D-9CE4-1AA531F590BE}.Debug|Win32.ActiveCfg = Debug|Win32
		{27BE0E5E-2591-307D-9CE4-1AA531F590BE}.Debug|Win32.Build.0 = Debug|Win32
		{27BE0E5E-2591-307D-9CE4-1AA531F590BE}.Release|Win32.ActiveCfg = Release|Win32
		{27BE0E5E-2591-307D-9CE4-1AA531F590BE}.Release|Win32.Build.0 = Release|Win32
		{27BE0E5E-2591-307D-9CE4-1AA531F590BE}.MinSizeRel|Win32.ActiveCfg = MinSizeRel|Win32
		{27BE0E5E-2591-307D-9CE4-1AA531F590BE}.MinSizeRel|Win32.Build.0 = MinSizeRel|Win32
		{27BE0E5E-2591-307D-9CE4-1AA531F590BE}.RelWithDebInfo|Win32.ActiveCfg = RelWithDebInfo|Win32
		{27BE0E5E-2591-307D-9CE4-1AA531F590BE}.RelWithDebInfo|Win32.Build.0 = RelWithDebInfo|Win32
		{CAD887E3-E163-3C1D-9ECA-F3F645F8412F}.Debug|Win32.ActiveCfg = Debug|Win32
		{CAD887E3-E163-3C1D-9ECA-F3F645F8412F}.Debug|Win32.Build.0 = Debug|Win32
		{CAD887E3-E163-3C1D-9ECA-F3F645F8412F}.Release|Win32.ActiveCfg = Release|Win32
		{CAD887E3-E163-3C1D-9ECA-F3F645F8412F}.Release|Win32.Build.0 = Release|Win32
		{CAD887E3-E163-3C1D-9ECA-F3F645F8412F}.MinSizeRel|Win32.ActiveCfg = MinSizeRel|Win32
		{CAD887E3-E163-3C1D-9ECA-F3F645F8412F}.MinSizeRel|Win32.Build.0 = MinSizeRel|Win32
		{CAD887E3-E163-3C1D-9ECA-F3F645F8412F}.RelWithDebInfo|Win32.ActiveCfg = RelWithDebInfo|Win32
		{CAD887E3-E163-3C1D-9ECA-F3F645F8412F}.RelWithDebInfo|Win32.Build.0 = RelWithDebInfo|Win32
		{D36E68E6-0BC3-3D77-BD87-DD3C22390DAD}.Debug|Win32.ActiveCfg = Debug|Win32
		{D36E68E6-0BC3-3D77-BD87-DD3C22390DAD}.Debug|Win32.Build.0 = Debug|Win32
		{D36E68E6-0BC3-3D77-BD87-DD3C22390DAD}.Release|Win32.ActiveCfg = Release|Win32
		{D36E68E6-0BC3-3D77-BD87-DD3C22390DAD}.Release|Win32.Build.0 = Release|Win32
		{D36E68E6-0BC3-3D77-BD87-DD3C22390DAD}.MinSizeRel|Win32.ActiveCfg = MinSizeRel|Win32
		{D36E68E6-0BC3-3D77-BD87-DD3C22390DAD}.MinSizeRel|Win32.Build.0 = MinSizeRel|Win32
		{D36E68E6-0BC3-3D77-BD87-DD3C22390DAD}.RelWithDebInfo|Win32.ActiveCfg = RelWithDebInfo|Win32
		{D36E68E6-0BC3-3D77-BD87-DD3C22390DAD}.RelWithDebInfo|Win32.Build.0 = RelWithDebInfo|Win32
		{F7C61117-4216-3CB6-AE05-9714B6557B71}.Debug|Win32.ActiveCfg = Debug|Win32
		{F7C61117-4216-3CB6-AE05-9714B6557B71}.Debug|Win32.Build.0 = Debug|Win32
		{F7C61117-4216-3CB6-AE05-9714B6557B71}.Release|Win32.ActiveCfg = Release|Win32
		{F7C61117-4216-3CB6-AE05-9714B6557B71}.Release|Win32.Build.0 = Release|Win32
		{F7C61117-4216-3CB6-AE05-9714B6557B71}.MinSizeRel|Win32.ActiveCfg = MinSizeRel|Win32
		{F7C61117-4216-3CB6-AE05-9714B6557B71}.MinSizeRel|Win32.Build.0 = MinSizeRel|Win32
		{F7C61117-4216-3CB6-AE05-9714B6557B71}.RelWithDebInfo|Win32.ActiveCfg = RelWithDebInfo|Win32
		{F7C61117-4216-3CB6-AE05-9714B6557B71}.RelWithDebInfo|Win32.Build.0 = RelWithDebInfo|Win32
		{A4F5BED3-9EED-3054-899F-8E10358ADFAE}.Debug|Win32.ActiveCfg = Debug|Win32
		{A4F5BED3-9EED-3054-899F-8E10358ADFAE}.Debug|Win32.Build.0 = Debug|Win32
		{A4F5BED3-9EED-3054-899F-8E10358ADFAE}.Release|Win32.ActiveCfg = Release|Win32
		{A4F5BED3-9EED-3054-899F-8E10358ADFAE}.Release|Win32.Build.0 = Release|Win32
		{A4F5BED3-9EED-3054-899F-8E10358ADFAE}.MinSizeRel|Win32.ActiveCfg = MinSizeRel|Win32
		{A4F5BED3-9EED-3054-899F-8E10358ADFAE}.MinSizeRel|Win32.Build.0 = MinSizeRel|Win32
		{A4F5BED3-9EED-3054-899F-8E10358ADFAE}.RelWithDebInfo|Win32.ActiveCfg = RelWithDebInfo|Win32
		{A4F5BED3-9EED-3054-899F-8E10358ADFAE}.RelWithDebInfo|Win32.Build.0 = RelWithDebInfo|Win32
		{D2287DD3-08A5-3E1B-84D4-E08CE957DE94}.Debug|Win32.ActiveCfg = Debug|Win32
		{D2287DD3-08A5-3E1B-84D4-E08CE957DE94}.Debug|Win32.Build.0 = Debug|Win32
		{D2287DD3-08A5-3E1B-84D4-E08CE957DE94}.Release|Win32.ActiveCfg = Release|Win32
		{D2287DD3-08A5-3E1B-84D4-E08CE957DE94}.Release|Win32.Build.0 = Release|Win32
		{D2287DD3-08A5-3E1B-84D4-E08CE957DE94}.MinSizeRel|Win32.ActiveCfg = MinSizeRel|Win32
		{D2287DD3-08A5-3E1B-84D4-E08CE957DE94}.MinSizeRel|Win32.Build.0 = MinSizeRel|Win32
		{D2287DD3-08A5-3E1B-84D4-E08CE957DE94}.RelWithDebInfo|Win32.ActiveCfg = RelWithDebInfo|Win32
		{D2287DD3-08A5-3E1B-84D4-E08CE957DE94}.RelWithDebInfo|Win32.Build.0 = RelWithDebInfo|Win32
		{62BAE02C-AEF4-34A1-A689-A3437508FD40}.Debug|Win32.ActiveCfg = Debug|Win32
		{62BAE02C-AEF4-34A1-A689-A3437508FD40}.Debug|Win32.Build.0 = Debug|Win32
		{62BAE02C-AEF4-34A1-A689-A3437508FD40}.Release|Win32.ActiveCfg = Release|Win32
		{62BAE02C-AEF4-34A1-A689-A3437508FD40}.Release|Win32.Build.0 = Release|Win32
		{62BAE02C-AEF4-34A1-A689-A3437508FD40}.MinSizeRel|Win32.ActiveCfg = MinSizeRel|Win32
		{62BAE02C-AEF4-34A1-A689-A3437508FD40}.MinSizeRel|Win32.Build.0 = MinSizeRel|Win32
		{62BAE02C-AEF4-34A1-A689-A3437508FD40}.RelWithDebInfo|Win32.ActiveCfg = RelWithDebInfo|Win32
		{62BAE02C-AEF4-34A1-A689-A3437508FD40}.RelWithDebInfo|Win32.Build.0 = RelWithDebInfo|Win32
		{A37DBEAC-88CE-35D9-BC1D-A775D62D862D}.Debug|Win32.ActiveCfg = Debug|Win32
		{A37DBEAC-88CE-35D9-BC1D-A775D62D862D}.Debug|Win32.Build.0 = Debug|Win32
		{A37DBEAC-88CE-35D9-BC1D-A775D62D862D}.Release|Win32.ActiveCfg = Release|Win32
		{A37DBEAC-88CE-35D9-BC1D-A775D62D862D}.Release|Win32.Build.0 = Release|Win32
		{A37DBEAC-88CE-35D9-BC1D-A775D62D862D}.MinSizeRel|Win32.ActiveCfg = MinSizeRel|Win32
		{A37DBEAC-88CE-35D9-BC1D-A775D62D862D}.MinSizeRel|Win32.Build.0 = MinSizeRel|Win32
		{A37DBEAC-88CE-35D9-BC1D-A775D62D862D}.RelWithDebInfo|Win32.ActiveCfg = RelWithDebInfo|Win32
		{A37DBEAC-88CE-35D9-BC1D-A775D62D862D}.RelWithDebInfo|Win32.Build.0 = RelWithDebInfo|Win32
		{3BFB9177-6A1B-3E92-ABEF-76C2673CBF67}.Debug|Win32.ActiveCfg = Debug|Win32
		{3BFB9177-6A1B-3E92-ABEF-76C2673CBF67}.Debug|Win32.Build.0 = Debug|Win32
		{3BFB9177-6A1B-3E92-ABEF-76C2673CBF67}.Release|Win32.ActiveCfg = Release|Win32
		{3BFB9177-6A1B-3E92-ABEF-76C2673CBF67}.Release|Win32.Build.0 = Release|Win32
		{3BFB9177-6A1B-3E92-ABEF-76C2673CBF67}.MinSizeRel|Win32.ActiveCfg = MinSizeRel|Win32
		{3BFB9177-6A1B-3E92-ABEF-76C2673CBF67}.MinSizeRel|Win32.Build.0 = MinSizeRel|Win32
		{3BFB9177-6A1B-3E92-ABEF-76C2673CBF67}.RelWithDebInfo|Win32.ActiveCfg = RelWithDebInfo|Win32
		{3BFB9177-6A1B-3E92-ABEF-76C2673CBF67}.RelWithDebInfo|Win32.Build.0 = RelWithDebInfo|Win32
		{87261B8A-3E2C-3DD9-87E0-AF714948BBFA}.Debug|Win32.ActiveCfg = Debug|Win32
		{87261B8A-3E2C-3DD9-87E0-AF714948BBFA}.Debug|Win32.Build.0 = Debug|Win32
		{87261B8A-3E2C-3DD9-87E0-AF714948BBFA}.Release|Win32.ActiveCfg = Release|Win32
		{87261B8A-3E2C-3DD9-87E0-AF714948BBFA}.Release|Win32.Build.0 = Release|Win32
		{87261B8A-3E2C-3DD9-87E0-AF714948BBFA}.MinSizeRel|Win32.ActiveCfg = MinSizeRel|Win32
		{87261B8A-3E2C-3DD9-87E0-AF714948BBFA}.MinSizeRel|Win32.Build.0 = MinSizeRel|Win32
		{87261B8A-3E2C-3DD9-87E0-AF714948BBFA}.RelWithDebInfo|Win32.ActiveCfg = RelWithDebInfo|Win32
		{87261B8A-3E2C-3DD9-87E0-AF714948BBFA}.RelWithDebInfo|Win32.Build.0 = RelWithDebInfo|Win32
		{34355741-AF9B-3AC9-AF95-8D960A73BE2E}.Debug|Win32.ActiveCfg = Debug|Win32
		{34355741-AF9B-3AC9-AF95-8D960A73BE2E}.Debug|Win32.Build.0 = Debug|Win32
		{34355741-AF9B-3AC9-AF95-8D960A73BE2E}.Release|Win32.ActiveCfg = Release|Win32
		{34355741-AF9B-3AC9-AF95-8D960A73BE2E}.Release|Win32.Build.0 = Release|Win32
		{34355741-AF9B-3AC9-AF95-8D960A73BE2E}.MinSizeRel|Win32.ActiveCfg = MinSizeRel|Win32
		{34355741-AF9B-3AC9-AF95-8D960A73BE2E}.MinSizeRel|Win32.Build.0 = MinSizeRel|Win32
		{34355741-AF9B-3AC9-AF95-8D960A73BE2E}.RelWithDebInfo|Win32.ActiveCfg = RelWithDebInfo|Win32
		{34355741-AF9B-3AC9-AF95-8D960A73BE2E}.RelWithDebInfo|Win32.Build.0 = RelWithDebInfo|Win32
		{905EC6A1-1458-3BBD-A9C2-563A4975BE37}.Debug|Win32.ActiveCfg = Debug|Win32
		{905EC6A1-1458-3BBD-A9C2-563A4975BE37}.Debug|Win32.Build.0 = Debug|Win32
		{905EC6A1-1458-3BBD-A9C2-563A4975BE37}.Release|Win32.ActiveCfg = Release|Win32
		{905EC6A1-1458-3BBD-A9C2-563A4975BE37}.Release|Win32.Build.0 = Release|Win32
		{905EC6A1-1458-3BBD-A9C2-563A4975BE37}.MinSizeRel|Win32.ActiveCfg = MinSizeRel|Win32
		{905EC6A1-1458-3BBD-A9C2-563A4975BE37}.MinSizeRel|Win32.Build.0 = MinSizeRel|Win32
		{905EC6A1-1458-3BBD-A9C2-563A4975BE37}.RelWithDebInfo|Win32.ActiveCfg = RelWithDebInfo|Win32
		{905EC6A1-1458-3BBD-A9C2-563A4975BE37}.RelWithDebInfo|Win32.Build.0 = RelWithDebInfo|Win32
		{C34CF106-C99E-3402-B7D0-74A9C2F1D06E}.Debug|Win32.ActiveCfg = Debug|Win32
		{C34CF106-C99E-3402-B7D0-74A9C2F1D06E}.Debug|Win32.Build.0 = Debug|Win32
		{C34CF106-C99E-3402-B7D0-74A9C2F1D06E}.Release|Win32.ActiveCfg = Release|Win32
		{C34CF106-C99E-3402-B7D0-74A9C2F1D06E}.Release|Win32.Build.0 = Release|Win32
		{C34CF106-C99E-3402-B7D0-74A9C2F1D06E}.MinSizeRel|Win32.ActiveCfg = MinSizeRel|Win32
		{C34CF106-C99E-3402-B7D0-74A9C2F1D06E}.MinSizeRel|Win32.Build.0 = MinSizeRel|Win32
		{C34CF106-C99E-3402-B7D0-74A9C2F1D06E}.RelWithDebInfo|Win32.ActiveCfg = RelWithDebInfo|Win32
		{C34CF106-C99E-3402-B7D0-74A9C2F1D06E}.RelWithDebInfo|Win32.Build.0 = RelWithDebInfo|Win32
		{71B2E94C-9026-3DF9-BAD2-23DECFA64577}.Debug|Win32.ActiveCfg = Debug|Win32
		{71B2E94C-9026-3DF9-BAD2-23DECFA64577}.Debug|Win32.Build.0 = Debug|Win32
		{71B2E94C-9026-3DF9-BAD2-23DECFA64577}.Release|Win32.ActiveCfg = Release|Win32
		{71B2E94C-9026-3DF9-BAD2-23DECFA64577}.Release|Win32.Build.0 = Release|Win32
		{71B2E94C-9026-3DF9-BAD2-23DECFA64577}.MinSizeRel|Win32.ActiveCfg = MinSizeRel|Win32
		{71B2E94C-9026-3DF9-BAD2-23DECFA64577}.MinSizeRel|Win32.Build.0 = MinSizeRel|Win32
		{71B2E94C-9026-3DF9-BAD2-23DECFA64577}.RelWithDebInfo|Win32.ActiveCfg = RelWithDebInfo|Win32
		{71B2E94C-9026-3DF9-BAD2-23DECFA64577}.RelWithDebInfo|Win32.Build.0 = RelWithDebInfo|Win32
		{98E48753-14A9-392A-9C3E-72CA911A08F9}.Debug|Win32.ActiveCfg = Debug|Win32
		{98E48753-14A9-392A-9C3E-72CA911A08F9}.Debug|Win32.Build.0 = Debug|Win32
		{98E48753-14A9-392A-9C3E-72CA911A08F9}.Release|Win32.ActiveCfg = Release|Win32
		{98E48753-14A9-392A-9C3E-72CA911A08F9}.Release|Win32.Build.0 = Release|Win32
		{98E48753-14A9-392A-9C3E-72CA911A08F9}.MinSizeRel|Win32.ActiveCfg = MinSizeRel|Win32
		{98E48753-14A9-392A-9C3E-72CA911A08F9}.MinSizeRel|Win32.Build.0 = MinSizeRel|Win32
		{98E48753-14A9-392A-9C3E-72CA911A08F9}.RelWithDebInfo|Win32.ActiveCfg = RelWithDebInfo|Win32
		{98E48753-14A9-392A-9C3E-72CA911A08F9}.RelWithDebInfo|Win32.Build.0 = RelWithDebInfo|Win32
		{2EA58D5F-FCC6-31BA-8844-766A43C1D3E0}.Debug|Win32.ActiveCfg = Debug|Win32
		{2EA58D5F-FCC6-31BA-8844-766A43C1D3E0}.Debug|Win32.Build.0 = Debug|Win32
		{2EA58D5F-FCC6-31BA-8844-766A43C1D3E0}.Release|Win32.ActiveCfg = Release|Win32
		{2EA58D5F-FCC6-31BA-8844-766A43C1D3E0}.Release|Win32.Build.0 = Release|Win32
		{2EA58D5F-FCC6-31BA-8844-766A43C1D3E0}.MinSizeRel|Win32.ActiveCfg = MinSizeRel|Win32
		{2EA58D5F-FCC6-31BA-8844-766A43C1D3E0}.MinSizeRel|Win32.Build.0 = MinSizeRel|Win32
		{2EA58D5F-FCC6-31BA-8844-766A43C1D3E0}.RelWithDebInfo|Win32.ActiveCfg = RelWithDebInfo|Win32
		{2EA58D5F-FCC6-31BA-8844-766A43C1D3E0}.RelWithDebInfo|Win32.Build.0 = RelWithDebInfo|Win32
		{ED72705C-8111-341E-8001-B481FC83A54D}.Debug|Win32.ActiveCfg = Debug|Win32
		{ED72705C-8111-341E-8001-B481FC83A54D}.Debug|Win32.Build.0 = Debug|Win32
		{ED72705C-8111-341E-8001-B481FC83A54D}.Release|Win32.ActiveCfg = Release|Win32
		{ED72705C-8111-341E-8001-B481FC83A54D}.Release|Win32.Build.0 = Release|Win32
		{ED72705C-8111-341E-8001-B481FC83A54D}.MinSizeRel|Win32.ActiveCfg = MinSizeRel|Win32
		{ED72705C-8111-341E-8001-B481FC83A54D}.MinSizeRel|Win32.Build.0 = MinSizeRel|Win32
		{ED72705C-8111-341E-8001-B481FC83A54D}.RelWithDebInfo|Win32.ActiveCfg = RelWithDebInfo|Win32
		{ED72705C-8111-341E-8001-B481FC83A54D}.RelWithDebInfo|Win32.Build.0 = RelWithDebInfo|Win32
		{1D6A1CA6-C4A8-3940-A5ED-C9BA5BA79E38}.Debug|Win32.ActiveCfg = Debug|Win32
		{1D6A1CA6-C4A8-3940-A5ED-C9BA5BA79E38}.Debug|Win32.Build.0 = Debug|Win32
		{1D6A1CA6-C4A8-3940-A5ED-C9BA5BA79E38}.Release|Win32.ActiveCfg = Release|Win32
		{1D6A1CA6-C4A8-3940-A5ED-C9BA5BA79E38}.Release|Win32.Build.0 = Release|Win32
		{1D6A1CA6-C4A8-3940-A5ED-C9BA5BA79E38}.MinSizeRel|Win32.ActiveCfg = MinSizeRel|Win32
		{1D6A1CA6-C4A8-3940-A5ED-C9BA5BA79E38}.MinSizeRel|Win32.Build.0 = MinSizeRel|Win32
		{1D6A1CA6-C4A8-3940-A5ED-C9BA5BA79E38}.RelWithDebInfo|Win32.ActiveCfg = RelWithDebInfo|Win32
		{1D6A1CA6-C4A8-3940-A5ED-C9BA5BA79E38}.RelWithDebInfo|Win32.Build.0 = RelWithDebInfo|Win32
		{C163FD96-69AF-34C4-94A3-7E37F5D12568}.Debug|Win32.ActiveCfg = Debug|Win32
		{C163FD96-69AF-34C4-94A3-7E37F5D12568}.Debug|Win32.Build.0 = Debug|Win32
		{C163FD96-69AF-34C4-94A3-7E37F5D12568}.Release|Win32.ActiveCfg = Release|Win32
		{C163FD96-69AF-34C4-94A3-7E37F5D12568}.Release|Win32.Build.0 = Release|Win32
		{C163FD96-69AF-34C4-94A3-7E37F5D12568}.MinSizeRel|Win32.ActiveCfg = MinSizeRel|Win32
		{C163FD96-69AF-34C4-94A3-7E37F5D12568}.MinSizeRel|Win32.Build.0 = MinSizeRel|Win32
		{C163FD96-69AF-34C4-94A3-7E37F5D12568}.RelWithDebInfo|Win32.ActiveCfg = RelWithDebInfo|Win32
		{C163FD96-69AF-34C4-94A3-7E37F5D12568}.RelWithDebInfo|Win32.Build.0 = RelWithDebInfo|Win32
		{10D71859-8B87-3A2E-86BA-74E3349936C8}.Debug|Win32.ActiveCfg = Debug|Win32
		{10D71859-8B87-3A2E-86BA-74E3349936C8}.Debug|Win32.Build.0 = Debug|Win32
		{10D71859-8B87-3A2E-86BA-74E3349936C8}.Release|Win32.ActiveCfg = Release|Win32
		{10D71859-8B87-3A2E-86BA-74E3349936C8}.Release|Win32.Build.0 = Release|Win32
		{10D71859-8B87-3A2E-86BA-74E3349936C8}.MinSizeRel|Win32.ActiveCfg = MinSizeRel|Win32
		{10D71859-8B87-3A2E-86BA-74E3349936C8}.MinSizeRel|Win32.Build.0 = MinSizeRel|Win32
		{10D71859-8B87-3A2E-86BA-74E3349936C8}.RelWithDebInfo|Win32.ActiveCfg = RelWithDebInfo|Win32
		{10D71859-8B87-3A2E-86BA-74E3349936C8}.RelWithDebInfo|Win32.Build.0 = RelWithDebInfo|Win32
		{966B357D-4159-394C-A179-CD65CAD3D291}.Debug|Win32.ActiveCfg = Debug|Win32
		{966B357D-4159-394C-A179-CD65CAD3D291}.Debug|Win32.Build.0 = Debug|Win32
		{966B357D-4159-394C-A179-CD65CAD3D291}.Release|Win32.ActiveCfg = Release|Win32
		{966B357D-4159-394C-A179-CD65CAD3D291}.Release|Win32.Build.0 = Release|Win32
		{966B357D-4159-394C-A179-CD65CAD3D291}.MinSizeRel|Win32.ActiveCfg = MinSizeRel|Win32
		{966B357D-4159-394C-A179-CD65CAD3D291}.MinSizeRel|Win32.Build.0 = MinSizeRel|Win32
		{966B357D-4159-394C-A179-CD65CAD3D291}.RelWithDebInfo|Win32.ActiveCfg = RelWithDebInfo|Win32
		{966B357D-4159-394C-A179-CD65CAD3D291}.RelWithDebInfo|Win32.Build.0 = RelWithDebInfo|Win32
		{610349B2-98E5-3608-846F-ADBAC3898D0A}.Debug|Win32.ActiveCfg = Debug|Win32
		{610349B2-98E5-3608-846F-ADBAC3898D0A}.Debug|Win32.Build.0 = Debug|Win32
		{610349B2-98E5-3608-846F-ADBAC3898D0A}.Release|Win32.ActiveCfg = Release|Win32
		{610349B2-98E5-3608-846F-ADBAC3898D0A}.Release|Win32.Build.0 = Release|Win32
		{610349B2-98E5-3608-846F-ADBAC3898D0A}.MinSizeRel|Win32.ActiveCfg = MinSizeRel|Win32
		{610349B2-98E5-3608-846F-ADBAC3898D0A}.MinSizeRel|Win32.Build.0 = MinSizeRel|Win32
		{610349B2-98E5-3608-846F-ADBAC3898D0A}.RelWithDebInfo|Win32.ActiveCfg = RelWithDebInfo|Win32
		{610349B2-98E5-3608-846F-ADBAC3898D0A}.RelWithDebInfo|Win32.Build.0 = RelWithDebInfo|Win32
		{278AE757-42C8-3EDD-9D95-C453A67285F8}.Debug|Win32.ActiveCfg = Debug|Win32
		{278AE757-42C8-3EDD-9D95-C453A67285F8}.Debug|Win32.Build.0 = Debug|Win32
		{278AE757-42C8-3EDD-9D95-C453A67285F8}.Release|Win32.ActiveCfg = Release|Win32
		{278AE757-42C8-3EDD-9D95-C453A67285F8}.Release|Win32.Build.0 = Release|Win32
		{278AE757-42C8-3EDD-9D95-C453A67285F8}.MinSizeRel|Win32.ActiveCfg = MinSizeRel|Win32
		{278AE757-42C8-3EDD-9D95-C453A67285F8}.MinSizeRel|Win32.Build.0 = MinSizeRel|Win32
		{278AE757-42C8-3EDD-9D95-C453A67285F8}.RelWithDebInfo|Win32.ActiveCfg = RelWithDebInfo|Win32
		{278AE757-42C8-3EDD-9D95-C453A67285F8}.RelWithDebInfo|Win32.Build.0 = RelWithDebInfo|Win32
		{A5A91161-AC22-364F-9698-FC39FE1F9ECD}.Debug|Win32.ActiveCfg = Debug|Win32
		{A5A91161-AC22-364F-9698-FC39FE1F9ECD}.Debug|Win32.Build.0 = Debug|Win32
		{A5A91161-AC22-364F-9698-FC39FE1F9ECD}.Release|Win32.ActiveCfg = Release|Win32
		{A5A91161-AC22-364F-9698-FC39FE1F9ECD}.Release|Win32.Build.0 = Release|Win32
		{A5A91161-AC22-364F-9698-FC39FE1F9ECD}.MinSizeRel|Win32.ActiveCfg = MinSizeRel|Win32
		{A5A91161-AC22-364F-9698-FC39FE1F9ECD}.MinSizeRel|Win32.Build.0 = MinSizeRel|Win32
		{A5A91161-AC22-364F-9698-FC39FE1F9ECD}.RelWithDebInfo|Win32.ActiveCfg = RelWithDebInfo|Win32
		{A5A91161-AC22-364F-9698-FC39FE1F9ECD}.RelWithDebInfo|Win32.Build.0 = RelWithDebInfo|Win32
		{E4E0BA9D-6C5C-3084-AD75-2C3D719EFD68}.Debug|Win32.ActiveCfg = Debug|Win32
		{E4E0BA9D-6C5C-3084-AD75-2C3D719EFD68}.Debug|Win32.Build.0 = Debug|Win32
		{E4E0BA9D-6C5C-3084-AD75-2C3D719EFD68}.Release|Win32.ActiveCfg = Release|Win32
		{E4E0BA9D-6C5C-3084-AD75-2C3D719EFD68}.Release|Win32.Build.0 = Release|Win32
		{E4E0BA9D-6C5C-3084-AD75-2C3D719EFD68}.MinSizeRel|Win32.ActiveCfg = MinSizeRel|Win32
		{E4E0BA9D-6C5C-3084-AD75-2C3D719EFD68}.MinSizeRel|Win32.Build.0 = MinSizeRel|Win32
		{E4E0BA9D-6C5C-3084-AD75-2C3D719EFD68}.RelWithDebInfo|Win32.ActiveCfg = RelWithDebInfo|Win32
		{E4E0BA9D-6C5C-3084-AD75-2C3D719EFD68}.RelWithDebInfo|Win32.Build.0 = RelWithDebInfo|Win32
		{8BF4F0A6-8507-34AB-A782-4862E86447B2}.Debug|Win32.ActiveCfg = Debug|Win32
		{8BF4F0A6-8507-34AB-A782-4862E86447B2}.Debug|Win32.Build.0 = Debug|Win32
		{8BF4F0A6-8507-34AB-A782-4862E86447B2}.Release|Win32.ActiveCfg = Release|Win32
		{8BF4F0A6-8507-34AB-A782-4862E86447B2}.Release|Win32.Build.0 = Release|Win32
		{8BF4F0A6-8507-34AB-A782-4862E86447B2}.MinSizeRel|Win32.ActiveCfg = MinSizeRel|Win32
		{8BF4F0A6-8507-34AB-A782-4862E86447B2}.MinSizeRel|Win32.Build.0 = MinSizeRel|Win32
		{8BF4F0A6-8507-34AB-A782-4862E86447B2}.RelWithDebInfo|Win32.ActiveCfg = RelWithDebInfo|Win32
		{8BF4F0A6-8507-34AB-A782-4862E86447B2}.RelWithDebInfo|Win32.Build.0 = RelWithDebInfo|Win32
		{D684569F-0A6E-37AC-9D23-D65D1D6AA9E7}.Debug|Win32.ActiveCfg = Debug|Win32
		{D684569F-0A6E-37AC-9D23-D65D1D6AA9E7}.Debug|Win32.Build.0 = Debug|Win32
		{D684569F-0A6E-37AC-9D23-D65D1D6AA9E7}.Release|Win32.ActiveCfg = Release|Win32
		{D684569F-0A6E-37AC-9D23-D65D1D6AA9E7}.Release|Win32.Build.0 = Release|Win32
		{D684569F-0A6E-37AC-9D23-D65D1D6AA9E7}.MinSizeRel|Win32.ActiveCfg = MinSizeRel|Win32
		{D684569F-0A6E-37AC-9D23-D65D1D6AA9E7}.MinSizeRel|Win32.Build.0 = MinSizeRel|Win32
		{D684569F-0A6E-37AC-9D23-D65D1D6AA9E7}.RelWithDebInfo|Win32.ActiveCfg = RelWithDebInfo|Win32
		{D684569F-0A6E-37AC-9D23-D65D1D6AA9E7}.RelWithDebInfo|Win32.Build.0 = RelWithDebInfo|Win32
		{3C90D497-2A72-3D2C-81AD-03EEE2E932F5}.Debug|Win32.ActiveCfg = Debug|Win32
		{3C90D497-2A72-3D2C-81AD-03EEE2E932F5}.Release|Win32.ActiveCfg = Release|Win32
		{3C90D497-2A72-3D2C-81AD-03EEE2E932F5}.MinSizeRel|Win32.ActiveCfg = MinSizeRel|Win32
		{3C90D497-2A72-3D2C-81AD-03EEE2E932F5}.RelWithDebInfo|Win32.ActiveCfg = RelWithDebInfo|Win32
	EndGlobalSection
	GlobalSection(ExtensibilityGlobals) = postSolution
		SolutionGuid = {BE565200-08E9-34E0-80A7-DA4D584BC1F1}
	EndGlobalSection
	GlobalSection(ExtensibilityAddIns) = postSolution
	EndGlobalSection
EndGlobal
