<?xml version="1.0" encoding="UTF-8"?>
<Project ToolsVersion="15.0" xmlns="http://schemas.microsoft.com/developer/msbuild/2003">
  <ItemGroup>
    <CustomBuild Include="E:\projects\p1\litePDF\litePDF\src\CMakeFiles\196d9b4b283cc85c6d35b9c570f77316\INSTALL_force.rule">
      <Filter>CMake Rules</Filter>
    </CustomBuild>
  </ItemGroup>
  <ItemGroup>
    <Filter Include="CMake Rules">
      <UniqueIdentifier>{918C6EEF-6E11-3A8F-BE12-A59C0CF0111D}</UniqueIdentifier>
    </Filter>
  </ItemGroup>
</Project>
